// !$*UTF8*$!
{
	archiveVersion = 1;
	classes = {
	};
	objectVersion = 50;
	objects = {

/* Begin PBXBuildFile section */
		700A667325626CF800184916 /* BoostClusteringMaBTests.swift in Sources */ = {isa = PBXBuildFile; fileRef = 700A667225626CF800184916 /* BoostClusteringMaBTests.swift */; };
		708C08BD256258320072B1E0 /* AppDelegate.swift in Sources */ = {isa = PBXBuildFile; fileRef = 708C08BC256258320072B1E0 /* AppDelegate.swift */; };
		708C08BF256258320072B1E0 /* SceneDelegate.swift in Sources */ = {isa = PBXBuildFile; fileRef = 708C08BE256258320072B1E0 /* SceneDelegate.swift */; };
		708C08C1256258320072B1E0 /* ViewController.swift in Sources */ = {isa = PBXBuildFile; fileRef = 708C08C0256258320072B1E0 /* ViewController.swift */; };
		708C08C4256258320072B1E0 /* Main.storyboard in Resources */ = {isa = PBXBuildFile; fileRef = 708C08C2256258320072B1E0 /* Main.storyboard */; };
		708C08C7256258320072B1E0 /* BoostClusteringMaB.xcdatamodeld in Sources */ = {isa = PBXBuildFile; fileRef = 708C08C5256258320072B1E0 /* BoostClusteringMaB.xcdatamodeld */; };
		708C08C9256258330072B1E0 /* Assets.xcassets in Resources */ = {isa = PBXBuildFile; fileRef = 708C08C8256258330072B1E0 /* Assets.xcassets */; };
		708C08CC256258330072B1E0 /* LaunchScreen.storyboard in Resources */ = {isa = PBXBuildFile; fileRef = 708C08CA256258330072B1E0 /* LaunchScreen.storyboard */; };
		F419BC99518E6B0E18A11C1D /* Pods_BoostClusteringMaB.framework in Frameworks */ = {isa = PBXBuildFile; fileRef = 4644EF4ECBA796AD632C4627 /* Pods_BoostClusteringMaB.framework */; };
/* End PBXBuildFile section */

/* Begin PBXContainerItemProxy section */
		700A667525626CF800184916 /* PBXContainerItemProxy */ = {
			isa = PBXContainerItemProxy;
			containerPortal = 708C08B1256258320072B1E0 /* Project object */;
			proxyType = 1;
			remoteGlobalIDString = 708C08B8256258320072B1E0;
			remoteInfo = BoostClusteringMaB;
		};
/* End PBXContainerItemProxy section */

/* Begin PBXFileReference section */
		13716E7DADE89FF0703CEE3B /* Pods-BoostClusteringMaB.release.xcconfig */ = {isa = PBXFileReference; includeInIndex = 1; lastKnownFileType = text.xcconfig; name = "Pods-BoostClusteringMaB.release.xcconfig"; path = "Target Support Files/Pods-BoostClusteringMaB/Pods-BoostClusteringMaB.release.xcconfig"; sourceTree = "<group>"; };
		3164D5B3096E97E6BBC50EF9 /* Pods_BoostClusteringMaBTests.framework */ = {isa = PBXFileReference; explicitFileType = wrapper.framework; includeInIndex = 0; path = Pods_BoostClusteringMaBTests.framework; sourceTree = BUILT_PRODUCTS_DIR; };
		4644EF4ECBA796AD632C4627 /* Pods_BoostClusteringMaB.framework */ = {isa = PBXFileReference; explicitFileType = wrapper.framework; includeInIndex = 0; path = Pods_BoostClusteringMaB.framework; sourceTree = BUILT_PRODUCTS_DIR; };
		700A667025626CF800184916 /* BoostClusteringMaBTests.xctest */ = {isa = PBXFileReference; explicitFileType = wrapper.cfbundle; includeInIndex = 0; path = BoostClusteringMaBTests.xctest; sourceTree = BUILT_PRODUCTS_DIR; };
		700A667225626CF800184916 /* BoostClusteringMaBTests.swift */ = {isa = PBXFileReference; lastKnownFileType = sourcecode.swift; path = BoostClusteringMaBTests.swift; sourceTree = "<group>"; };
		700A667425626CF800184916 /* Info.plist */ = {isa = PBXFileReference; lastKnownFileType = text.plist.xml; path = Info.plist; sourceTree = "<group>"; };
		708C08B9256258320072B1E0 /* BoostClusteringMaB.app */ = {isa = PBXFileReference; explicitFileType = wrapper.application; includeInIndex = 0; path = BoostClusteringMaB.app; sourceTree = BUILT_PRODUCTS_DIR; };
		708C08BC256258320072B1E0 /* AppDelegate.swift */ = {isa = PBXFileReference; lastKnownFileType = sourcecode.swift; path = AppDelegate.swift; sourceTree = "<group>"; };
		708C08BE256258320072B1E0 /* SceneDelegate.swift */ = {isa = PBXFileReference; lastKnownFileType = sourcecode.swift; path = SceneDelegate.swift; sourceTree = "<group>"; };
		708C08C0256258320072B1E0 /* ViewController.swift */ = {isa = PBXFileReference; lastKnownFileType = sourcecode.swift; path = ViewController.swift; sourceTree = "<group>"; };
		708C08C3256258320072B1E0 /* Base */ = {isa = PBXFileReference; lastKnownFileType = file.storyboard; name = Base; path = Base.lproj/Main.storyboard; sourceTree = "<group>"; };
		708C08C6256258320072B1E0 /* BoostClusteringMaB.xcdatamodel */ = {isa = PBXFileReference; lastKnownFileType = wrapper.xcdatamodel; path = BoostClusteringMaB.xcdatamodel; sourceTree = "<group>"; };
		708C08C8256258330072B1E0 /* Assets.xcassets */ = {isa = PBXFileReference; lastKnownFileType = folder.assetcatalog; path = Assets.xcassets; sourceTree = "<group>"; };
		708C08CB256258330072B1E0 /* Base */ = {isa = PBXFileReference; lastKnownFileType = file.storyboard; name = Base; path = Base.lproj/LaunchScreen.storyboard; sourceTree = "<group>"; };
		708C08CD256258330072B1E0 /* Info.plist */ = {isa = PBXFileReference; lastKnownFileType = text.plist.xml; path = Info.plist; sourceTree = "<group>"; };
		708C08DB25625C830072B1E0 /* BoostClusteringMaBTests.swift */ = {isa = PBXFileReference; lastKnownFileType = sourcecode.swift; path = BoostClusteringMaBTests.swift; sourceTree = "<group>"; };
		708C08DD25625C830072B1E0 /* Info.plist */ = {isa = PBXFileReference; lastKnownFileType = text.plist.xml; path = Info.plist; sourceTree = "<group>"; };
		90CCC0D0D44B5BD82EC0AA53 /* Pods-BoostClusteringMaB.debug.xcconfig */ = {isa = PBXFileReference; includeInIndex = 1; lastKnownFileType = text.xcconfig; name = "Pods-BoostClusteringMaB.debug.xcconfig"; path = "Target Support Files/Pods-BoostClusteringMaB/Pods-BoostClusteringMaB.debug.xcconfig"; sourceTree = "<group>"; };
		F569563DFA45CF3E50E4BFD7 /* Pods-BoostClusteringMaBTests.release.xcconfig */ = {isa = PBXFileReference; includeInIndex = 1; lastKnownFileType = text.xcconfig; name = "Pods-BoostClusteringMaBTests.release.xcconfig"; path = "Target Support Files/Pods-BoostClusteringMaBTests/Pods-BoostClusteringMaBTests.release.xcconfig"; sourceTree = "<group>"; };
		FD8AB17D4EBE80189C506A4A /* Pods-BoostClusteringMaBTests.debug.xcconfig */ = {isa = PBXFileReference; includeInIndex = 1; lastKnownFileType = text.xcconfig; name = "Pods-BoostClusteringMaBTests.debug.xcconfig"; path = "Target Support Files/Pods-BoostClusteringMaBTests/Pods-BoostClusteringMaBTests.debug.xcconfig"; sourceTree = "<group>"; };
/* End PBXFileReference section */

/* Begin PBXFrameworksBuildPhase section */
		700A666D25626CF800184916 /* Frameworks */ = {
			isa = PBXFrameworksBuildPhase;
			buildActionMask = 2147483647;
			files = (
			);
			runOnlyForDeploymentPostprocessing = 0;
		};
		708C08B6256258320072B1E0 /* Frameworks */ = {
			isa = PBXFrameworksBuildPhase;
			buildActionMask = 2147483647;
			files = (
				F419BC99518E6B0E18A11C1D /* Pods_BoostClusteringMaB.framework in Frameworks */,
			);
			runOnlyForDeploymentPostprocessing = 0;
		};
/* End PBXFrameworksBuildPhase section */

/* Begin PBXGroup section */
		1EB6294C0254973AEAFBA6F2 /* Pods */ = {
			isa = PBXGroup;
			children = (
				90CCC0D0D44B5BD82EC0AA53 /* Pods-BoostClusteringMaB.debug.xcconfig */,
				13716E7DADE89FF0703CEE3B /* Pods-BoostClusteringMaB.release.xcconfig */,
				FD8AB17D4EBE80189C506A4A /* Pods-BoostClusteringMaBTests.debug.xcconfig */,
				F569563DFA45CF3E50E4BFD7 /* Pods-BoostClusteringMaBTests.release.xcconfig */,
			);
			path = Pods;
			sourceTree = "<group>";
		};
		4209E5B8751C8F296BB99D8F /* Frameworks */ = {
			isa = PBXGroup;
			children = (
				4644EF4ECBA796AD632C4627 /* Pods_BoostClusteringMaB.framework */,
				3164D5B3096E97E6BBC50EF9 /* Pods_BoostClusteringMaBTests.framework */,
			);
			name = Frameworks;
			sourceTree = "<group>";
		};
		700A667125626CF800184916 /* BoostClusteringMaBTests */ = {
			isa = PBXGroup;
			children = (
				700A667225626CF800184916 /* BoostClusteringMaBTests.swift */,
				700A667425626CF800184916 /* Info.plist */,
			);
			path = BoostClusteringMaBTests;
			sourceTree = "<group>";
		};
		708C08B0256258320072B1E0 = {
			isa = PBXGroup;
			children = (
				708C08BB256258320072B1E0 /* BoostClusteringMaB */,
				708C08DA25625C830072B1E0 /* BoostClusteringMaBTests */,
				700A667125626CF800184916 /* BoostClusteringMaBTests */,
				708C08BA256258320072B1E0 /* Products */,
				1EB6294C0254973AEAFBA6F2 /* Pods */,
				4209E5B8751C8F296BB99D8F /* Frameworks */,
			);
			sourceTree = "<group>";
		};
		708C08BA256258320072B1E0 /* Products */ = {
			isa = PBXGroup;
			children = (
				708C08B9256258320072B1E0 /* BoostClusteringMaB.app */,
				700A667025626CF800184916 /* BoostClusteringMaBTests.xctest */,
			);
			name = Products;
			sourceTree = "<group>";
		};
		708C08BB256258320072B1E0 /* BoostClusteringMaB */ = {
			isa = PBXGroup;
			children = (
				708C08BC256258320072B1E0 /* AppDelegate.swift */,
				708C08BE256258320072B1E0 /* SceneDelegate.swift */,
				708C08C0256258320072B1E0 /* ViewController.swift */,
				708C08C2256258320072B1E0 /* Main.storyboard */,
				708C08C8256258330072B1E0 /* Assets.xcassets */,
				708C08CA256258330072B1E0 /* LaunchScreen.storyboard */,
				708C08CD256258330072B1E0 /* Info.plist */,
				708C08C5256258320072B1E0 /* BoostClusteringMaB.xcdatamodeld */,
			);
			path = BoostClusteringMaB;
			sourceTree = "<group>";
		};
		708C08DA25625C830072B1E0 /* BoostClusteringMaBTests */ = {
			isa = PBXGroup;
			children = (
				708C08DB25625C830072B1E0 /* BoostClusteringMaBTests.swift */,
				708C08DD25625C830072B1E0 /* Info.plist */,
			);
			path = BoostClusteringMaBTests;
			sourceTree = "<group>";
		};
/* End PBXGroup section */

/* Begin PBXNativeTarget section */
		700A666F25626CF800184916 /* BoostClusteringMaBTests */ = {
			isa = PBXNativeTarget;
			buildConfigurationList = 700A667725626CF800184916 /* Build configuration list for PBXNativeTarget "BoostClusteringMaBTests" */;
			buildPhases = (
				700A666C25626CF800184916 /* Sources */,
				700A666D25626CF800184916 /* Frameworks */,
				700A666E25626CF800184916 /* Resources */,
			);
			buildRules = (
			);
			dependencies = (
				700A667625626CF800184916 /* PBXTargetDependency */,
			);
			name = BoostClusteringMaBTests;
			productName = BoostClusteringMaBTests;
			productReference = 700A667025626CF800184916 /* BoostClusteringMaBTests.xctest */;
			productType = "com.apple.product-type.bundle.unit-test";
		};
		708C08B8256258320072B1E0 /* BoostClusteringMaB */ = {
			isa = PBXNativeTarget;
			buildConfigurationList = 708C08D0256258330072B1E0 /* Build configuration list for PBXNativeTarget "BoostClusteringMaB" */;
			buildPhases = (
				E3F2041224107C69D7859781 /* [CP] Check Pods Manifest.lock */,
				708C08B5256258320072B1E0 /* Sources */,
				708C08B6256258320072B1E0 /* Frameworks */,
				708C08B7256258320072B1E0 /* Resources */,
			);
			buildRules = (
			);
			dependencies = (
			);
			name = BoostClusteringMaB;
			productName = BoostClusteringMaB;
			productReference = 708C08B9256258320072B1E0 /* BoostClusteringMaB.app */;
			productType = "com.apple.product-type.application";
		};
/* End PBXNativeTarget section */

/* Begin PBXProject section */
		708C08B1256258320072B1E0 /* Project object */ = {
			isa = PBXProject;
			attributes = {
				LastSwiftUpdateCheck = 1220;
				LastUpgradeCheck = 1220;
				TargetAttributes = {
					700A666F25626CF800184916 = {
						CreatedOnToolsVersion = 12.2;
						TestTargetID = 708C08B8256258320072B1E0;
					};
					708C08B8256258320072B1E0 = {
						CreatedOnToolsVersion = 12.2;
					};
				};
			};
			buildConfigurationList = 708C08B4256258320072B1E0 /* Build configuration list for PBXProject "BoostClusteringMaB" */;
			compatibilityVersion = "Xcode 9.3";
			developmentRegion = en;
			hasScannedForEncodings = 0;
			knownRegions = (
				en,
				Base,
			);
			mainGroup = 708C08B0256258320072B1E0;
			productRefGroup = 708C08BA256258320072B1E0 /* Products */;
			projectDirPath = "";
			projectRoot = "";
			targets = (
				708C08B8256258320072B1E0 /* BoostClusteringMaB */,
				700A666F25626CF800184916 /* BoostClusteringMaBTests */,
			);
		};
/* End PBXProject section */

/* Begin PBXResourcesBuildPhase section */
		700A666E25626CF800184916 /* Resources */ = {
			isa = PBXResourcesBuildPhase;
			buildActionMask = 2147483647;
			files = (
			);
			runOnlyForDeploymentPostprocessing = 0;
		};
		708C08B7256258320072B1E0 /* Resources */ = {
			isa = PBXResourcesBuildPhase;
			buildActionMask = 2147483647;
			files = (
				708C08CC256258330072B1E0 /* LaunchScreen.storyboard in Resources */,
				708C08C9256258330072B1E0 /* Assets.xcassets in Resources */,
				708C08C4256258320072B1E0 /* Main.storyboard in Resources */,
			);
			runOnlyForDeploymentPostprocessing = 0;
		};
/* End PBXResourcesBuildPhase section */

/* Begin PBXShellScriptBuildPhase section */
		E3F2041224107C69D7859781 /* [CP] Check Pods Manifest.lock */ = {
			isa = PBXShellScriptBuildPhase;
			buildActionMask = 2147483647;
			files = (
			);
			inputFileListPaths = (
			);
			inputPaths = (
				"${PODS_PODFILE_DIR_PATH}/Podfile.lock",
				"${PODS_ROOT}/Manifest.lock",
			);
			name = "[CP] Check Pods Manifest.lock";
			outputFileListPaths = (
			);
			outputPaths = (
				"$(DERIVED_FILE_DIR)/Pods-BoostClusteringMaB-checkManifestLockResult.txt",
			);
			runOnlyForDeploymentPostprocessing = 0;
			shellPath = /bin/sh;
			shellScript = "diff \"${PODS_PODFILE_DIR_PATH}/Podfile.lock\" \"${PODS_ROOT}/Manifest.lock\" > /dev/null\nif [ $? != 0 ] ; then\n    # print error to STDERR\n    echo \"error: The sandbox is not in sync with the Podfile.lock. Run 'pod install' or update your CocoaPods installation.\" >&2\n    exit 1\nfi\n# This output is used by Xcode 'outputs' to avoid re-running this script phase.\necho \"SUCCESS\" > \"${SCRIPT_OUTPUT_FILE_0}\"\n";
			showEnvVarsInLog = 0;
		};
/* End PBXShellScriptBuildPhase section */

/* Begin PBXSourcesBuildPhase section */
		700A666C25626CF800184916 /* Sources */ = {
			isa = PBXSourcesBuildPhase;
			buildActionMask = 2147483647;
			files = (
				700A667325626CF800184916 /* BoostClusteringMaBTests.swift in Sources */,
			);
			runOnlyForDeploymentPostprocessing = 0;
		};
		708C08B5256258320072B1E0 /* Sources */ = {
			isa = PBXSourcesBuildPhase;
			buildActionMask = 2147483647;
			files = (
				708C08C1256258320072B1E0 /* ViewController.swift in Sources */,
				708C08BD256258320072B1E0 /* AppDelegate.swift in Sources */,
				708C08C7256258320072B1E0 /* BoostClusteringMaB.xcdatamodeld in Sources */,
				708C08BF256258320072B1E0 /* SceneDelegate.swift in Sources */,
			);
			runOnlyForDeploymentPostprocessing = 0;
		};
/* End PBXSourcesBuildPhase section */

/* Begin PBXTargetDependency section */
		700A667625626CF800184916 /* PBXTargetDependency */ = {
			isa = PBXTargetDependency;
			target = 708C08B8256258320072B1E0 /* BoostClusteringMaB */;
			targetProxy = 700A667525626CF800184916 /* PBXContainerItemProxy */;
		};
/* End PBXTargetDependency section */

/* Begin PBXVariantGroup section */
		708C08C2256258320072B1E0 /* Main.storyboard */ = {
			isa = PBXVariantGroup;
			children = (
				708C08C3256258320072B1E0 /* Base */,
			);
			name = Main.storyboard;
			sourceTree = "<group>";
		};
		708C08CA256258330072B1E0 /* LaunchScreen.storyboard */ = {
			isa = PBXVariantGroup;
			children = (
				708C08CB256258330072B1E0 /* Base */,
			);
			name = LaunchScreen.storyboard;
			sourceTree = "<group>";
		};
/* End PBXVariantGroup section */

/* Begin XCBuildConfiguration section */
		700A667825626CF800184916 /* Debug */ = {
			isa = XCBuildConfiguration;
			buildSettings = {
				BUNDLE_LOADER = "$(TEST_HOST)";
				CODE_SIGN_STYLE = Automatic;
				DEVELOPMENT_TEAM = B3PWYBKFUK;
				INFOPLIST_FILE = BoostClusteringMaBTests/Info.plist;
				LD_RUNPATH_SEARCH_PATHS = (
					"$(inherited)",
					"@executable_path/Frameworks",
					"@loader_path/Frameworks",
				);
				PRODUCT_BUNDLE_IDENTIFIER = com.boostcamp.b.map.BoostClusteringMaBTests;
				PRODUCT_NAME = "$(TARGET_NAME)";
				SWIFT_VERSION = 5.0;
				TARGETED_DEVICE_FAMILY = "1,2";
				TEST_HOST = "$(BUILT_PRODUCTS_DIR)/BoostClusteringMaB.app/BoostClusteringMaB";
			};
			name = Debug;
		};
		700A667925626CF800184916 /* Release */ = {
			isa = XCBuildConfiguration;
			buildSettings = {
				BUNDLE_LOADER = "$(TEST_HOST)";
				CODE_SIGN_STYLE = Automatic;
				DEVELOPMENT_TEAM = B3PWYBKFUK;
				INFOPLIST_FILE = BoostClusteringMaBTests/Info.plist;
				LD_RUNPATH_SEARCH_PATHS = (
					"$(inherited)",
					"@executable_path/Frameworks",
					"@loader_path/Frameworks",
				);
				PRODUCT_BUNDLE_IDENTIFIER = com.boostcamp.b.map.BoostClusteringMaBTests;
				PRODUCT_NAME = "$(TARGET_NAME)";
				SWIFT_VERSION = 5.0;
				TARGETED_DEVICE_FAMILY = "1,2";
				TEST_HOST = "$(BUILT_PRODUCTS_DIR)/BoostClusteringMaB.app/BoostClusteringMaB";
			};
			name = Release;
		};
		708C08CE256258330072B1E0 /* Debug */ = {
			isa = XCBuildConfiguration;
			buildSettings = {
				ALWAYS_SEARCH_USER_PATHS = NO;
				CLANG_ANALYZER_NONNULL = YES;
				CLANG_ANALYZER_NUMBER_OBJECT_CONVERSION = YES_AGGRESSIVE;
				CLANG_CXX_LANGUAGE_STANDARD = "gnu++14";
				CLANG_CXX_LIBRARY = "libc++";
				CLANG_ENABLE_MODULES = YES;
				CLANG_ENABLE_OBJC_ARC = YES;
				CLANG_ENABLE_OBJC_WEAK = YES;
				CLANG_WARN_BLOCK_CAPTURE_AUTORELEASING = YES;
				CLANG_WARN_BOOL_CONVERSION = YES;
				CLANG_WARN_COMMA = YES;
				CLANG_WARN_CONSTANT_CONVERSION = YES;
				CLANG_WARN_DEPRECATED_OBJC_IMPLEMENTATIONS = YES;
				CLANG_WARN_DIRECT_OBJC_ISA_USAGE = YES_ERROR;
				CLANG_WARN_DOCUMENTATION_COMMENTS = YES;
				CLANG_WARN_EMPTY_BODY = YES;
				CLANG_WARN_ENUM_CONVERSION = YES;
				CLANG_WARN_INFINITE_RECURSION = YES;
				CLANG_WARN_INT_CONVERSION = YES;
				CLANG_WARN_NON_LITERAL_NULL_CONVERSION = YES;
				CLANG_WARN_OBJC_IMPLICIT_RETAIN_SELF = YES;
				CLANG_WARN_OBJC_LITERAL_CONVERSION = YES;
				CLANG_WARN_OBJC_ROOT_CLASS = YES_ERROR;
				CLANG_WARN_QUOTED_INCLUDE_IN_FRAMEWORK_HEADER = YES;
				CLANG_WARN_RANGE_LOOP_ANALYSIS = YES;
				CLANG_WARN_STRICT_PROTOTYPES = YES;
				CLANG_WARN_SUSPICIOUS_MOVE = YES;
				CLANG_WARN_UNGUARDED_AVAILABILITY = YES_AGGRESSIVE;
				CLANG_WARN_UNREACHABLE_CODE = YES;
				CLANG_WARN__DUPLICATE_METHOD_MATCH = YES;
				COPY_PHASE_STRIP = NO;
				DEBUG_INFORMATION_FORMAT = dwarf;
				ENABLE_STRICT_OBJC_MSGSEND = YES;
				ENABLE_TESTABILITY = YES;
				GCC_C_LANGUAGE_STANDARD = gnu11;
				GCC_DYNAMIC_NO_PIC = NO;
				GCC_NO_COMMON_BLOCKS = YES;
				GCC_OPTIMIZATION_LEVEL = 0;
				GCC_PREPROCESSOR_DEFINITIONS = (
					"DEBUG=1",
					"$(inherited)",
				);
				GCC_WARN_64_TO_32_BIT_CONVERSION = YES;
				GCC_WARN_ABOUT_RETURN_TYPE = YES_ERROR;
				GCC_WARN_UNDECLARED_SELECTOR = YES;
				GCC_WARN_UNINITIALIZED_AUTOS = YES_AGGRESSIVE;
				GCC_WARN_UNUSED_FUNCTION = YES;
				GCC_WARN_UNUSED_VARIABLE = YES;
				IPHONEOS_DEPLOYMENT_TARGET = 14.2;
				MTL_ENABLE_DEBUG_INFO = INCLUDE_SOURCE;
				MTL_FAST_MATH = YES;
				ONLY_ACTIVE_ARCH = YES;
				SDKROOT = iphoneos;
				SWIFT_ACTIVE_COMPILATION_CONDITIONS = DEBUG;
				SWIFT_OPTIMIZATION_LEVEL = "-Onone";
			};
			name = Debug;
		};
		708C08CF256258330072B1E0 /* Release */ = {
			isa = XCBuildConfiguration;
			buildSettings = {
				ALWAYS_SEARCH_USER_PATHS = NO;
				CLANG_ANALYZER_NONNULL = YES;
				CLANG_ANALYZER_NUMBER_OBJECT_CONVERSION = YES_AGGRESSIVE;
				CLANG_CXX_LANGUAGE_STANDARD = "gnu++14";
				CLANG_CXX_LIBRARY = "libc++";
				CLANG_ENABLE_MODULES = YES;
				CLANG_ENABLE_OBJC_ARC = YES;
				CLANG_ENABLE_OBJC_WEAK = YES;
				CLANG_WARN_BLOCK_CAPTURE_AUTORELEASING = YES;
				CLANG_WARN_BOOL_CONVERSION = YES;
				CLANG_WARN_COMMA = YES;
				CLANG_WARN_CONSTANT_CONVERSION = YES;
				CLANG_WARN_DEPRECATED_OBJC_IMPLEMENTATIONS = YES;
				CLANG_WARN_DIRECT_OBJC_ISA_USAGE = YES_ERROR;
				CLANG_WARN_DOCUMENTATION_COMMENTS = YES;
				CLANG_WARN_EMPTY_BODY = YES;
				CLANG_WARN_ENUM_CONVERSION = YES;
				CLANG_WARN_INFINITE_RECURSION = YES;
				CLANG_WARN_INT_CONVERSION = YES;
				CLANG_WARN_NON_LITERAL_NULL_CONVERSION = YES;
				CLANG_WARN_OBJC_IMPLICIT_RETAIN_SELF = YES;
				CLANG_WARN_OBJC_LITERAL_CONVERSION = YES;
				CLANG_WARN_OBJC_ROOT_CLASS = YES_ERROR;
				CLANG_WARN_QUOTED_INCLUDE_IN_FRAMEWORK_HEADER = YES;
				CLANG_WARN_RANGE_LOOP_ANALYSIS = YES;
				CLANG_WARN_STRICT_PROTOTYPES = YES;
				CLANG_WARN_SUSPICIOUS_MOVE = YES;
				CLANG_WARN_UNGUARDED_AVAILABILITY = YES_AGGRESSIVE;
				CLANG_WARN_UNREACHABLE_CODE = YES;
				CLANG_WARN__DUPLICATE_METHOD_MATCH = YES;
				COPY_PHASE_STRIP = NO;
				DEBUG_INFORMATION_FORMAT = "dwarf-with-dsym";
				ENABLE_NS_ASSERTIONS = NO;
				ENABLE_STRICT_OBJC_MSGSEND = YES;
				GCC_C_LANGUAGE_STANDARD = gnu11;
				GCC_NO_COMMON_BLOCKS = YES;
				GCC_WARN_64_TO_32_BIT_CONVERSION = YES;
				GCC_WARN_ABOUT_RETURN_TYPE = YES_ERROR;
				GCC_WARN_UNDECLARED_SELECTOR = YES;
				GCC_WARN_UNINITIALIZED_AUTOS = YES_AGGRESSIVE;
				GCC_WARN_UNUSED_FUNCTION = YES;
				GCC_WARN_UNUSED_VARIABLE = YES;
				IPHONEOS_DEPLOYMENT_TARGET = 14.2;
				MTL_ENABLE_DEBUG_INFO = NO;
				MTL_FAST_MATH = YES;
				SDKROOT = iphoneos;
				SWIFT_COMPILATION_MODE = wholemodule;
				SWIFT_OPTIMIZATION_LEVEL = "-O";
				VALIDATE_PRODUCT = YES;
			};
			name = Release;
		};
		708C08D1256258330072B1E0 /* Debug */ = {
			isa = XCBuildConfiguration;
			baseConfigurationReference = 90CCC0D0D44B5BD82EC0AA53 /* Pods-BoostClusteringMaB.debug.xcconfig */;
			buildSettings = {
				ASSETCATALOG_COMPILER_APPICON_NAME = AppIcon;
				ASSETCATALOG_COMPILER_GLOBAL_ACCENT_COLOR_NAME = AccentColor;
				CODE_SIGN_STYLE = Automatic;
				DEVELOPMENT_TEAM = B3PWYBKFUK;
				INFOPLIST_FILE = BoostClusteringMaB/Info.plist;
				LD_RUNPATH_SEARCH_PATHS = (
					"$(inherited)",
					"@executable_path/Frameworks",
				);
				PRODUCT_BUNDLE_IDENTIFIER = com.boostcamp.b.map.BoostClusteringMaB;
				PRODUCT_NAME = "$(TARGET_NAME)";
				SWIFT_VERSION = 5.0;
				TARGETED_DEVICE_FAMILY = "1,2";
			};
			name = Debug;
		};
		708C08D2256258330072B1E0 /* Release */ = {
			isa = XCBuildConfiguration;
			baseConfigurationReference = 13716E7DADE89FF0703CEE3B /* Pods-BoostClusteringMaB.release.xcconfig */;
			buildSettings = {
				ASSETCATALOG_COMPILER_APPICON_NAME = AppIcon;
				ASSETCATALOG_COMPILER_GLOBAL_ACCENT_COLOR_NAME = AccentColor;
				CODE_SIGN_STYLE = Automatic;
				DEVELOPMENT_TEAM = B3PWYBKFUK;
				INFOPLIST_FILE = BoostClusteringMaB/Info.plist;
				LD_RUNPATH_SEARCH_PATHS = (
					"$(inherited)",
					"@executable_path/Frameworks",
				);
				PRODUCT_BUNDLE_IDENTIFIER = com.boostcamp.b.map.BoostClusteringMaB;
				PRODUCT_NAME = "$(TARGET_NAME)";
				SWIFT_VERSION = 5.0;
				TARGETED_DEVICE_FAMILY = "1,2";
			};
			name = Release;
		};
/* End XCBuildConfiguration section */

/* Begin XCConfigurationList section */
		700A667725626CF800184916 /* Build configuration list for PBXNativeTarget "BoostClusteringMaBTests" */ = {
			isa = XCConfigurationList;
			buildConfigurations = (
				700A667825626CF800184916 /* Debug */,
				700A667925626CF800184916 /* Release */,
			);
			defaultConfigurationIsVisible = 0;
			defaultConfigurationName = Release;
		};
		708C08B4256258320072B1E0 /* Build configuration list for PBXProject "BoostClusteringMaB" */ = {
			isa = XCConfigurationList;
			buildConfigurations = (
				708C08CE256258330072B1E0 /* Debug */,
				708C08CF256258330072B1E0 /* Release */,
			);
			defaultConfigurationIsVisible = 0;
			defaultConfigurationName = Release;
		};
		708C08D0256258330072B1E0 /* Build configuration list for PBXNativeTarget "BoostClusteringMaB" */ = {
			isa = XCConfigurationList;
			buildConfigurations = (
				708C08D1256258330072B1E0 /* Debug */,
				708C08D2256258330072B1E0 /* Release */,
			);
			defaultConfigurationIsVisible = 0;
			defaultConfigurationName = Release;
		};
/* End XCConfigurationList section */

/* Begin XCVersionGroup section */
		708C08C5256258320072B1E0 /* BoostClusteringMaB.xcdatamodeld */ = {
			isa = XCVersionGroup;
			children = (
				708C08C6256258320072B1E0 /* BoostClusteringMaB.xcdatamodel */,
			);
			currentVersion = 708C08C6256258320072B1E0 /* BoostClusteringMaB.xcdatamodel */;
			path = BoostClusteringMaB.xcdatamodeld;
			sourceTree = "<group>";
			versionGroupType = wrapper.xcdatamodel;
		};
/* End XCVersionGroup section */
	};
	rootObject = 708C08B1256258320072B1E0 /* Project object */;
}
