// !$*UTF8*$!
{
	archiveVersion = 1;
	classes = {
	};
	objectVersion = 51;
	objects = {

/* Begin PBXBuildFile section */
		0D0172C02570BF2A00A26886 /* JsonParser.swift in Sources */ = {isa = PBXBuildFile; fileRef = 0D0172BF2570BF2A00A26886 /* JsonParser.swift */; };
		0D781E8025709E8D00D8A49E /* NMFMarker+.swift in Sources */ = {isa = PBXBuildFile; fileRef = 0D781E7F25709E8D00D8A49E /* NMFMarker+.swift */; };
		0DE756532577800F00CAB059 /* AddressAPI.swift in Sources */ = {isa = PBXBuildFile; fileRef = 0DE756522577800F00CAB059 /* AddressAPI.swift */; };
		0DF97E36256B9F330007BCEE /* MarkerLayerFactory.swift in Sources */ = {isa = PBXBuildFile; fileRef = 0DF97E35256B9F330007BCEE /* MarkerLayerFactory.swift */; };
		4A3C8021232DFCF9C5E93307 /* Pods_BoostClusteringMaB_BoostClusteringMaBTests.framework in Frameworks */ = {isa = PBXBuildFile; fileRef = 9AB05C676CACCBD7FA9A4081 /* Pods_BoostClusteringMaB_BoostClusteringMaBTests.framework */; };
		700A667325626CF800184916 /* (null) in Sources */ = {isa = PBXBuildFile; };
		701368FC2585FD68002ABCF6 /* DrawerController.swift in Sources */ = {isa = PBXBuildFile; fileRef = 701368FB2585FD68002ABCF6 /* DrawerController.swift */; };
		7017B9FB257E162E005D1512 /* gangnam_8000.json in Resources */ = {isa = PBXBuildFile; fileRef = 7017B9F9257E162E005D1512 /* gangnam_8000.json */; };
		7017B9FC257E162E005D1512 /* restaurant.json in Resources */ = {isa = PBXBuildFile; fileRef = 7017B9FA257E162E005D1512 /* restaurant.json */; };
		70387DD1256DEB9900F138CB /* CoreDataLayer.swift in Sources */ = {isa = PBXBuildFile; fileRef = 70387DCF256DEB9900F138CB /* CoreDataLayer.swift */; };
		70387DD2256DEB9900F138CB /* CoreDataContainer.swift in Sources */ = {isa = PBXBuildFile; fileRef = 70387DD0256DEB9900F138CB /* CoreDataContainer.swift */; };
		70672319257205B000CF68FD /* ClusteringTests.swift in Sources */ = {isa = PBXBuildFile; fileRef = 70672318257205B000CF68FD /* ClusteringTests.swift */; };
		706723202572088E00CF68FD /* CoreDataLayerMock.swift in Sources */ = {isa = PBXBuildFile; fileRef = 7067231F2572088E00CF68FD /* CoreDataLayerMock.swift */; };
		707942C2256FD056002AF718 /* ConvexHullTests.swift in Sources */ = {isa = PBXBuildFile; fileRef = 707942C1256FD056002AF718 /* ConvexHullTests.swift */; };
		707E63E7257490EC003F0E10 /* MainInteractor.swift in Sources */ = {isa = PBXBuildFile; fileRef = 707E63E6257490EC003F0E10 /* MainInteractor.swift */; };
		707E63EB257490F5003F0E10 /* MainPresenter.swift in Sources */ = {isa = PBXBuildFile; fileRef = 707E63EA257490F5003F0E10 /* MainPresenter.swift */; };
		708C08BD256258320072B1E0 /* AppDelegate.swift in Sources */ = {isa = PBXBuildFile; fileRef = 708C08BC256258320072B1E0 /* AppDelegate.swift */; };
		708C08BF256258320072B1E0 /* SceneDelegate.swift in Sources */ = {isa = PBXBuildFile; fileRef = 708C08BE256258320072B1E0 /* SceneDelegate.swift */; };
		708C08C1256258320072B1E0 /* MainViewController.swift in Sources */ = {isa = PBXBuildFile; fileRef = 708C08C0256258320072B1E0 /* MainViewController.swift */; };
		708C08C4256258320072B1E0 /* Main.storyboard in Resources */ = {isa = PBXBuildFile; fileRef = 708C08C2256258320072B1E0 /* Main.storyboard */; };
		708C08C7256258320072B1E0 /* BoostClusteringMaB.xcdatamodeld in Sources */ = {isa = PBXBuildFile; fileRef = 708C08C5256258320072B1E0 /* BoostClusteringMaB.xcdatamodeld */; };
		708C08C9256258330072B1E0 /* Assets.xcassets in Resources */ = {isa = PBXBuildFile; fileRef = 708C08C8256258330072B1E0 /* Assets.xcassets */; };
		708C08CC256258330072B1E0 /* LaunchScreen.storyboard in Resources */ = {isa = PBXBuildFile; fileRef = 708C08CA256258330072B1E0 /* LaunchScreen.storyboard */; };
		709707D12576047F00D3FC36 /* POI.swift in Sources */ = {isa = PBXBuildFile; fileRef = 709707D02576047F00D3FC36 /* POI.swift */; };
		709707D825760BF900D3FC36 /* ManagedPOI+CoreDataClass.swift in Sources */ = {isa = PBXBuildFile; fileRef = 709707D625760BF900D3FC36 /* ManagedPOI+CoreDataClass.swift */; };
		709707D925760BF900D3FC36 /* ManagedPOI+CoreDataProperties.swift in Sources */ = {isa = PBXBuildFile; fileRef = 709707D725760BF900D3FC36 /* ManagedPOI+CoreDataProperties.swift */; };
		709708052577219700D3FC36 /* ClusteringProtocol.swift in Sources */ = {isa = PBXBuildFile; fileRef = 709708042577219700D3FC36 /* ClusteringProtocol.swift */; };
		70989899258274AE0043BD56 /* NMFCameraUpdate+.swift in Sources */ = {isa = PBXBuildFile; fileRef = 70989898258274AE0043BD56 /* NMFCameraUpdate+.swift */; };
		70AA4C692586663C00620D1F /* MapSettings.swift in Sources */ = {isa = PBXBuildFile; fileRef = 70AA4C682586663C00620D1F /* MapSettings.swift */; };
		70AA4C6F2586665700620D1F /* LayerGroup.swift in Sources */ = {isa = PBXBuildFile; fileRef = 70AA4C6E2586665700620D1F /* LayerGroup.swift */; };
		70AA4C732586666800620D1F /* MapTypes.swift in Sources */ = {isa = PBXBuildFile; fileRef = 70AA4C722586666800620D1F /* MapTypes.swift */; };
		70AA4C782586669E00620D1F /* IsCheck.swift in Sources */ = {isa = PBXBuildFile; fileRef = 70AA4C772586669E00620D1F /* IsCheck.swift */; };
		70AA4C7E258666A700620D1F /* Value.swift in Sources */ = {isa = PBXBuildFile; fileRef = 70AA4C7D258666A700620D1F /* Value.swift */; };
		70BA50F02562B0950076920D /* .swiftlint.yml in Resources */ = {isa = PBXBuildFile; fileRef = 70BA50EF2562B0950076920D /* .swiftlint.yml */; };
		70BFFD5C256CB9360048CEA6 /* CSVParser.swift in Sources */ = {isa = PBXBuildFile; fileRef = 70BFFD5B256CB9360048CEA6 /* CSVParser.swift */; };
		70BFFD79256CD4BE0048CEA6 /* CSVParserTests.swift in Sources */ = {isa = PBXBuildFile; fileRef = 70BFFD78256CD4BE0048CEA6 /* CSVParserTests.swift */; };
		70BFFD7F256CD6120048CEA6 /* poi.csv in Resources */ = {isa = PBXBuildFile; fileRef = 70BFFD7E256CD6120048CEA6 /* poi.csv */; };
		70E2A21125776ACB009A5ADC /* UIColor+.swift in Sources */ = {isa = PBXBuildFile; fileRef = 70E2A21025776ACB009A5ADC /* UIColor+.swift */; };
		70E2A21725776BED009A5ADC /* CGPoint+isValid.swift in Sources */ = {isa = PBXBuildFile; fileRef = 70E2A21625776BED009A5ADC /* CGPoint+isValid.swift */; };
		70E2A21F25776C0D009A5ADC /* NMFPolygonOverlay+.swift in Sources */ = {isa = PBXBuildFile; fileRef = 70E2A21E25776C0D009A5ADC /* NMFPolygonOverlay+.swift */; };
		C31435B4256BAA000066C423 /* CGPoint+Distance.swift in Sources */ = {isa = PBXBuildFile; fileRef = C31435B3256BAA000066C423 /* CGPoint+Distance.swift */; };
		C3496436256CEBAE001F40AA /* KMeansTest.swift in Sources */ = {isa = PBXBuildFile; fileRef = C3496435256CEBAE001F40AA /* KMeansTest.swift */; };
		C3A28799256F986D00DF23B1 /* Clustering.swift in Sources */ = {isa = PBXBuildFile; fileRef = C3A28798256F986D00DF23B1 /* Clustering.swift */; };
		C3A287A1256FA33A00DF23B1 /* ConvexHull.swift in Sources */ = {isa = PBXBuildFile; fileRef = C3A287A0256FA33A00DF23B1 /* ConvexHull.swift */; };
		C3A572E625787FA300C2B008 /* DetailViewController.swift in Sources */ = {isa = PBXBuildFile; fileRef = C3A572E525787FA300C2B008 /* DetailViewController.swift */; };
		C3FB0855256B87A200B93665 /* LinkedList.swift in Sources */ = {isa = PBXBuildFile; fileRef = C3FB0854256B87A200B93665 /* LinkedList.swift */; };
		C3FB085A256B882200B93665 /* LatLng.swift in Sources */ = {isa = PBXBuildFile; fileRef = C3FB0859256B882200B93665 /* LatLng.swift */; };
		C3FB085E256B887300B93665 /* Cluster.swift in Sources */ = {isa = PBXBuildFile; fileRef = C3FB085D256B887300B93665 /* Cluster.swift */; };
		C3FB0862256B889600B93665 /* KMeans.swift in Sources */ = {isa = PBXBuildFile; fileRef = C3FB0861256B889600B93665 /* KMeans.swift */; };
		C3FB086B256B8D8D00B93665 /* POIModel.swift in Sources */ = {isa = PBXBuildFile; fileRef = C3FB086A256B8D8D00B93665 /* POIModel.swift */; };
		DA805DB6257612890067325E /* DetailCollectionViewCell.swift in Sources */ = {isa = PBXBuildFile; fileRef = DA805DB5257612890067325E /* DetailCollectionViewCell.swift */; };
		DA805DD425767DFD0067325E /* BMEuljiro10yearslaterOTF.otf in Resources */ = {isa = PBXBuildFile; fileRef = DA805DD325767DFD0067325E /* BMEuljiro10yearslaterOTF.otf */; };
		F4151F4D25789064007E356F /* ImageDownloader.swift in Sources */ = {isa = PBXBuildFile; fileRef = F4151F4C25789064007E356F /* ImageDownloader.swift */; };
		F419BC99518E6B0E18A11C1D /* Pods_BoostClusteringMaB.framework in Frameworks */ = {isa = PBXBuildFile; fileRef = 4644EF4ECBA796AD632C4627 /* Pods_BoostClusteringMaB.framework */; };
		F456CB4C257B75530095139A /* String+Localize.swift in Sources */ = {isa = PBXBuildFile; fileRef = F456CB4B257B75530095139A /* String+Localize.swift */; };
		F456CB55257B75F30095139A /* Localizable.strings in Resources */ = {isa = PBXBuildFile; fileRef = F456CB57257B75F30095139A /* Localizable.strings */; };
		F456CB5B257B7B990095139A /* Detail.storyboard in Resources */ = {isa = PBXBuildFile; fileRef = F456CB5A257B7B990095139A /* Detail.storyboard */; };
		F496019125727ED500740523 /* String+Bundle.swift in Sources */ = {isa = PBXBuildFile; fileRef = F496019025727ED500740523 /* String+Bundle.swift */; };
		F49A2928256BEE2F0039998F /* XCTestCase+timeout.swift in Sources */ = {isa = PBXBuildFile; fileRef = F49A2927256BEE2F0039998F /* XCTestCase+timeout.swift */; };
		F4A07BAE257118BF00B18415 /* Loading.storyboard in Resources */ = {isa = PBXBuildFile; fileRef = F4A07BAD257118BF00B18415 /* Loading.storyboard */; };
		F4A07BB225711B1900B18415 /* LoadViewController.swift in Sources */ = {isa = PBXBuildFile; fileRef = F4A07BB125711B1900B18415 /* LoadViewController.swift */; };
		F4AE15632577CB6600A2F473 /* Geocoding.swift in Sources */ = {isa = PBXBuildFile; fileRef = F4AE15622577CB6600A2F473 /* Geocoding.swift */; };
		F4C31B50257779D100103E98 /* AlertType.swift in Sources */ = {isa = PBXBuildFile; fileRef = F4C31B4F257779D100103E98 /* AlertType.swift */; };
		F4E23D2B25727A5F008A9B4C /* DataParser.swift in Sources */ = {isa = PBXBuildFile; fileRef = F4E23D2A25727A5F008A9B4C /* DataParser.swift */; };
		F4E3511A25887668004EBFCB /* MainAnimationController.swift in Sources */ = {isa = PBXBuildFile; fileRef = F4E3511925887668004EBFCB /* MainAnimationController.swift */; };
		F4FC20A2256B8AD200D97246 /* CoreDataTests.swift in Sources */ = {isa = PBXBuildFile; fileRef = F4FC20A1256B8AD200D97246 /* CoreDataTests.swift */; };
		F4FD16EE256CA12900615FA0 /* LinkedListTests.swift in Sources */ = {isa = PBXBuildFile; fileRef = F4FD16ED256CA12900615FA0 /* LinkedListTests.swift */; };
/* End PBXBuildFile section */

/* Begin PBXContainerItemProxy section */
		703874ED2574C24200F2C1DC /* PBXContainerItemProxy */ = {
			isa = PBXContainerItemProxy;
			containerPortal = 708C08B1256258320072B1E0 /* Project object */;
			proxyType = 1;
			remoteGlobalIDString = 708C08B8256258320072B1E0;
			remoteInfo = BoostClusteringMaB;
		};
/* End PBXContainerItemProxy section */

/* Begin PBXFileReference section */
		0D0172BF2570BF2A00A26886 /* JsonParser.swift */ = {isa = PBXFileReference; lastKnownFileType = sourcecode.swift; path = JsonParser.swift; sourceTree = "<group>"; };
		0D781E7F25709E8D00D8A49E /* NMFMarker+.swift */ = {isa = PBXFileReference; lastKnownFileType = sourcecode.swift; path = "NMFMarker+.swift"; sourceTree = "<group>"; };
		0DE756522577800F00CAB059 /* AddressAPI.swift */ = {isa = PBXFileReference; lastKnownFileType = sourcecode.swift; path = AddressAPI.swift; sourceTree = "<group>"; };
		0DF97E35256B9F330007BCEE /* MarkerLayerFactory.swift */ = {isa = PBXFileReference; lastKnownFileType = sourcecode.swift; path = MarkerLayerFactory.swift; sourceTree = "<group>"; };
		13716E7DADE89FF0703CEE3B /* Pods-BoostClusteringMaB.release.xcconfig */ = {isa = PBXFileReference; includeInIndex = 1; lastKnownFileType = text.xcconfig; name = "Pods-BoostClusteringMaB.release.xcconfig"; path = "Target Support Files/Pods-BoostClusteringMaB/Pods-BoostClusteringMaB.release.xcconfig"; sourceTree = "<group>"; };
		3164D5B3096E97E6BBC50EF9 /* Pods_BoostClusteringMaBTests.framework */ = {isa = PBXFileReference; explicitFileType = wrapper.framework; includeInIndex = 0; path = Pods_BoostClusteringMaBTests.framework; sourceTree = BUILT_PRODUCTS_DIR; };
		4644EF4ECBA796AD632C4627 /* Pods_BoostClusteringMaB.framework */ = {isa = PBXFileReference; explicitFileType = wrapper.framework; includeInIndex = 0; path = Pods_BoostClusteringMaB.framework; sourceTree = BUILT_PRODUCTS_DIR; };
		700A667025626CF800184916 /* BoostClusteringMaBTests.xctest */ = {isa = PBXFileReference; explicitFileType = wrapper.cfbundle; includeInIndex = 0; path = BoostClusteringMaBTests.xctest; sourceTree = BUILT_PRODUCTS_DIR; };
		701368FB2585FD68002ABCF6 /* DrawerController.swift */ = {isa = PBXFileReference; lastKnownFileType = sourcecode.swift; path = DrawerController.swift; sourceTree = "<group>"; };
		7017B9F9257E162E005D1512 /* gangnam_8000.json */ = {isa = PBXFileReference; fileEncoding = 4; lastKnownFileType = text.json; path = gangnam_8000.json; sourceTree = "<group>"; };
		7017B9FA257E162E005D1512 /* restaurant.json */ = {isa = PBXFileReference; fileEncoding = 4; lastKnownFileType = text.json; path = restaurant.json; sourceTree = "<group>"; };
		70387DCF256DEB9900F138CB /* CoreDataLayer.swift */ = {isa = PBXFileReference; fileEncoding = 4; lastKnownFileType = sourcecode.swift; path = CoreDataLayer.swift; sourceTree = "<group>"; };
		70387DD0256DEB9900F138CB /* CoreDataContainer.swift */ = {isa = PBXFileReference; fileEncoding = 4; lastKnownFileType = sourcecode.swift; path = CoreDataContainer.swift; sourceTree = "<group>"; };
		70573ABD25795EEA00C8C5BE /* NanumSquareRoundOTFR.otf */ = {isa = PBXFileReference; lastKnownFileType = file; path = NanumSquareRoundOTFR.otf; sourceTree = "<group>"; };
		70573AC02579602800C8C5BE /* NanumSquareRoundOTFEB.otf */ = {isa = PBXFileReference; lastKnownFileType = file; path = NanumSquareRoundOTFEB.otf; sourceTree = "<group>"; };
		70672318257205B000CF68FD /* ClusteringTests.swift */ = {isa = PBXFileReference; lastKnownFileType = sourcecode.swift; path = ClusteringTests.swift; sourceTree = "<group>"; };
		7067231F2572088E00CF68FD /* CoreDataLayerMock.swift */ = {isa = PBXFileReference; lastKnownFileType = sourcecode.swift; path = CoreDataLayerMock.swift; sourceTree = "<group>"; };
		707942C1256FD056002AF718 /* ConvexHullTests.swift */ = {isa = PBXFileReference; lastKnownFileType = sourcecode.swift; path = ConvexHullTests.swift; sourceTree = "<group>"; };
		707E63E6257490EC003F0E10 /* MainInteractor.swift */ = {isa = PBXFileReference; lastKnownFileType = sourcecode.swift; path = MainInteractor.swift; sourceTree = "<group>"; };
		707E63EA257490F5003F0E10 /* MainPresenter.swift */ = {isa = PBXFileReference; lastKnownFileType = sourcecode.swift; path = MainPresenter.swift; sourceTree = "<group>"; };
		708C08B9256258320072B1E0 /* BoostClusteringMaB.app */ = {isa = PBXFileReference; explicitFileType = wrapper.application; includeInIndex = 0; path = BoostClusteringMaB.app; sourceTree = BUILT_PRODUCTS_DIR; };
		708C08BC256258320072B1E0 /* AppDelegate.swift */ = {isa = PBXFileReference; lastKnownFileType = sourcecode.swift; path = AppDelegate.swift; sourceTree = "<group>"; };
		708C08BE256258320072B1E0 /* SceneDelegate.swift */ = {isa = PBXFileReference; lastKnownFileType = sourcecode.swift; path = SceneDelegate.swift; sourceTree = "<group>"; };
		708C08C0256258320072B1E0 /* MainViewController.swift */ = {isa = PBXFileReference; lastKnownFileType = sourcecode.swift; path = MainViewController.swift; sourceTree = "<group>"; };
		708C08C3256258320072B1E0 /* Base */ = {isa = PBXFileReference; lastKnownFileType = file.storyboard; name = Base; path = Base.lproj/Main.storyboard; sourceTree = "<group>"; };
		708C08C6256258320072B1E0 /* BoostClusteringMaB.xcdatamodel */ = {isa = PBXFileReference; lastKnownFileType = wrapper.xcdatamodel; path = BoostClusteringMaB.xcdatamodel; sourceTree = "<group>"; };
		708C08C8256258330072B1E0 /* Assets.xcassets */ = {isa = PBXFileReference; lastKnownFileType = folder.assetcatalog; path = Assets.xcassets; sourceTree = "<group>"; };
		708C08CB256258330072B1E0 /* Base */ = {isa = PBXFileReference; lastKnownFileType = file.storyboard; name = Base; path = Base.lproj/LaunchScreen.storyboard; sourceTree = "<group>"; };
		708C08CD256258330072B1E0 /* Info.plist */ = {isa = PBXFileReference; lastKnownFileType = text.plist.xml; path = Info.plist; sourceTree = "<group>"; };
		708C08DD25625C830072B1E0 /* Info.plist */ = {isa = PBXFileReference; lastKnownFileType = text.plist.xml; path = Info.plist; sourceTree = "<group>"; };
		709707D02576047F00D3FC36 /* POI.swift */ = {isa = PBXFileReference; lastKnownFileType = sourcecode.swift; path = POI.swift; sourceTree = "<group>"; };
		709707D625760BF900D3FC36 /* ManagedPOI+CoreDataClass.swift */ = {isa = PBXFileReference; fileEncoding = 4; lastKnownFileType = sourcecode.swift; path = "ManagedPOI+CoreDataClass.swift"; sourceTree = "<group>"; };
		709707D725760BF900D3FC36 /* ManagedPOI+CoreDataProperties.swift */ = {isa = PBXFileReference; fileEncoding = 4; lastKnownFileType = sourcecode.swift; path = "ManagedPOI+CoreDataProperties.swift"; sourceTree = "<group>"; };
		709708042577219700D3FC36 /* ClusteringProtocol.swift */ = {isa = PBXFileReference; lastKnownFileType = sourcecode.swift; path = ClusteringProtocol.swift; sourceTree = "<group>"; };
		70989898258274AE0043BD56 /* NMFCameraUpdate+.swift */ = {isa = PBXFileReference; lastKnownFileType = sourcecode.swift; path = "NMFCameraUpdate+.swift"; sourceTree = "<group>"; };
		70AA4C682586663C00620D1F /* MapSettings.swift */ = {isa = PBXFileReference; lastKnownFileType = sourcecode.swift; path = MapSettings.swift; sourceTree = "<group>"; };
		70AA4C6E2586665700620D1F /* LayerGroup.swift */ = {isa = PBXFileReference; lastKnownFileType = sourcecode.swift; path = LayerGroup.swift; sourceTree = "<group>"; };
		70AA4C722586666800620D1F /* MapTypes.swift */ = {isa = PBXFileReference; lastKnownFileType = sourcecode.swift; path = MapTypes.swift; sourceTree = "<group>"; };
		70AA4C772586669E00620D1F /* IsCheck.swift */ = {isa = PBXFileReference; lastKnownFileType = sourcecode.swift; path = IsCheck.swift; sourceTree = "<group>"; };
		70AA4C7D258666A700620D1F /* Value.swift */ = {isa = PBXFileReference; lastKnownFileType = sourcecode.swift; path = Value.swift; sourceTree = "<group>"; };
		70BA50EF2562B0950076920D /* .swiftlint.yml */ = {isa = PBXFileReference; lastKnownFileType = text.yaml; path = .swiftlint.yml; sourceTree = "<group>"; };
		70BFFD5B256CB9360048CEA6 /* CSVParser.swift */ = {isa = PBXFileReference; lastKnownFileType = sourcecode.swift; path = CSVParser.swift; sourceTree = "<group>"; };
		70BFFD78256CD4BE0048CEA6 /* CSVParserTests.swift */ = {isa = PBXFileReference; lastKnownFileType = sourcecode.swift; path = CSVParserTests.swift; sourceTree = "<group>"; };
		70BFFD7E256CD6120048CEA6 /* poi.csv */ = {isa = PBXFileReference; fileEncoding = 4; lastKnownFileType = text; path = poi.csv; sourceTree = "<group>"; };
		70E2A21025776ACB009A5ADC /* UIColor+.swift */ = {isa = PBXFileReference; lastKnownFileType = sourcecode.swift; path = "UIColor+.swift"; sourceTree = "<group>"; };
		70E2A21625776BED009A5ADC /* CGPoint+isValid.swift */ = {isa = PBXFileReference; lastKnownFileType = sourcecode.swift; path = "CGPoint+isValid.swift"; sourceTree = "<group>"; };
		70E2A21E25776C0D009A5ADC /* NMFPolygonOverlay+.swift */ = {isa = PBXFileReference; lastKnownFileType = sourcecode.swift; path = "NMFPolygonOverlay+.swift"; sourceTree = "<group>"; };
		90CCC0D0D44B5BD82EC0AA53 /* Pods-BoostClusteringMaB.debug.xcconfig */ = {isa = PBXFileReference; includeInIndex = 1; lastKnownFileType = text.xcconfig; name = "Pods-BoostClusteringMaB.debug.xcconfig"; path = "Target Support Files/Pods-BoostClusteringMaB/Pods-BoostClusteringMaB.debug.xcconfig"; sourceTree = "<group>"; };
		9AB05C676CACCBD7FA9A4081 /* Pods_BoostClusteringMaB_BoostClusteringMaBTests.framework */ = {isa = PBXFileReference; explicitFileType = wrapper.framework; includeInIndex = 0; path = Pods_BoostClusteringMaB_BoostClusteringMaBTests.framework; sourceTree = BUILT_PRODUCTS_DIR; };
		C31435B3256BAA000066C423 /* CGPoint+Distance.swift */ = {isa = PBXFileReference; lastKnownFileType = sourcecode.swift; path = "CGPoint+Distance.swift"; sourceTree = "<group>"; };
		C3496435256CEBAE001F40AA /* KMeansTest.swift */ = {isa = PBXFileReference; lastKnownFileType = sourcecode.swift; path = KMeansTest.swift; sourceTree = "<group>"; };
		C3A28798256F986D00DF23B1 /* Clustering.swift */ = {isa = PBXFileReference; lastKnownFileType = sourcecode.swift; path = Clustering.swift; sourceTree = "<group>"; };
		C3A287A0256FA33A00DF23B1 /* ConvexHull.swift */ = {isa = PBXFileReference; lastKnownFileType = sourcecode.swift; path = ConvexHull.swift; sourceTree = "<group>"; };
		C3A572E525787FA300C2B008 /* DetailViewController.swift */ = {isa = PBXFileReference; lastKnownFileType = sourcecode.swift; path = DetailViewController.swift; sourceTree = "<group>"; };
		C3FB0854256B87A200B93665 /* LinkedList.swift */ = {isa = PBXFileReference; fileEncoding = 4; lastKnownFileType = sourcecode.swift; path = LinkedList.swift; sourceTree = "<group>"; };
		C3FB0859256B882200B93665 /* LatLng.swift */ = {isa = PBXFileReference; fileEncoding = 4; lastKnownFileType = sourcecode.swift; path = LatLng.swift; sourceTree = "<group>"; };
		C3FB085D256B887300B93665 /* Cluster.swift */ = {isa = PBXFileReference; fileEncoding = 4; lastKnownFileType = sourcecode.swift; path = Cluster.swift; sourceTree = "<group>"; };
		C3FB0861256B889600B93665 /* KMeans.swift */ = {isa = PBXFileReference; fileEncoding = 4; lastKnownFileType = sourcecode.swift; path = KMeans.swift; sourceTree = "<group>"; };
		C3FB086A256B8D8D00B93665 /* POIModel.swift */ = {isa = PBXFileReference; lastKnownFileType = sourcecode.swift; path = POIModel.swift; sourceTree = "<group>"; };
		CAB19DF55A4260D7147166CE /* Pods-BoostClusteringMaB-BoostClusteringMaBTests.release.xcconfig */ = {isa = PBXFileReference; includeInIndex = 1; lastKnownFileType = text.xcconfig; name = "Pods-BoostClusteringMaB-BoostClusteringMaBTests.release.xcconfig"; path = "Target Support Files/Pods-BoostClusteringMaB-BoostClusteringMaBTests/Pods-BoostClusteringMaB-BoostClusteringMaBTests.release.xcconfig"; sourceTree = "<group>"; };
		DA805DB5257612890067325E /* DetailCollectionViewCell.swift */ = {isa = PBXFileReference; lastKnownFileType = sourcecode.swift; path = DetailCollectionViewCell.swift; sourceTree = "<group>"; };
		DA805DD325767DFD0067325E /* BMEuljiro10yearslaterOTF.otf */ = {isa = PBXFileReference; lastKnownFileType = text; path = BMEuljiro10yearslaterOTF.otf; sourceTree = "<group>"; };
		F4151F4C25789064007E356F /* ImageDownloader.swift */ = {isa = PBXFileReference; lastKnownFileType = sourcecode.swift; path = ImageDownloader.swift; sourceTree = "<group>"; };
		F456CB4B257B75530095139A /* String+Localize.swift */ = {isa = PBXFileReference; lastKnownFileType = sourcecode.swift; path = "String+Localize.swift"; sourceTree = "<group>"; };
		F456CB56257B75F30095139A /* en */ = {isa = PBXFileReference; lastKnownFileType = text.plist.strings; name = en; path = en.lproj/Localizable.strings; sourceTree = "<group>"; };
		F456CB5A257B7B990095139A /* Detail.storyboard */ = {isa = PBXFileReference; lastKnownFileType = file.storyboard; path = Detail.storyboard; sourceTree = "<group>"; };
		F496019025727ED500740523 /* String+Bundle.swift */ = {isa = PBXFileReference; lastKnownFileType = sourcecode.swift; name = "String+Bundle.swift"; path = "BoostClusteringMaB/extension/String+Bundle.swift"; sourceTree = SOURCE_ROOT; };
		F49A2927256BEE2F0039998F /* XCTestCase+timeout.swift */ = {isa = PBXFileReference; lastKnownFileType = sourcecode.swift; path = "XCTestCase+timeout.swift"; sourceTree = "<group>"; };
		F4A07BAD257118BF00B18415 /* Loading.storyboard */ = {isa = PBXFileReference; lastKnownFileType = file.storyboard; path = Loading.storyboard; sourceTree = "<group>"; };
		F4A07BB125711B1900B18415 /* LoadViewController.swift */ = {isa = PBXFileReference; lastKnownFileType = sourcecode.swift; path = LoadViewController.swift; sourceTree = "<group>"; };
		F4AE15622577CB6600A2F473 /* Geocoding.swift */ = {isa = PBXFileReference; lastKnownFileType = sourcecode.swift; path = Geocoding.swift; sourceTree = "<group>"; };
		F4C31B4F257779D100103E98 /* AlertType.swift */ = {isa = PBXFileReference; lastKnownFileType = sourcecode.swift; path = AlertType.swift; sourceTree = "<group>"; };
		F4E23D2A25727A5F008A9B4C /* DataParser.swift */ = {isa = PBXFileReference; lastKnownFileType = sourcecode.swift; path = DataParser.swift; sourceTree = "<group>"; };
		F4E3511925887668004EBFCB /* MainAnimationController.swift */ = {isa = PBXFileReference; fileEncoding = 4; lastKnownFileType = sourcecode.swift; path = MainAnimationController.swift; sourceTree = "<group>"; };
		F4FC20A1256B8AD200D97246 /* CoreDataTests.swift */ = {isa = PBXFileReference; lastKnownFileType = sourcecode.swift; path = CoreDataTests.swift; sourceTree = "<group>"; };
		F4FD16ED256CA12900615FA0 /* LinkedListTests.swift */ = {isa = PBXFileReference; fileEncoding = 4; lastKnownFileType = sourcecode.swift; path = LinkedListTests.swift; sourceTree = "<group>"; };
		FA651F4D9DA7AEB78F2F730D /* Pods-BoostClusteringMaB-BoostClusteringMaBTests.debug.xcconfig */ = {isa = PBXFileReference; includeInIndex = 1; lastKnownFileType = text.xcconfig; name = "Pods-BoostClusteringMaB-BoostClusteringMaBTests.debug.xcconfig"; path = "Target Support Files/Pods-BoostClusteringMaB-BoostClusteringMaBTests/Pods-BoostClusteringMaB-BoostClusteringMaBTests.debug.xcconfig"; sourceTree = "<group>"; };
/* End PBXFileReference section */

/* Begin PBXFrameworksBuildPhase section */
		700A666D25626CF800184916 /* Frameworks */ = {
			isa = PBXFrameworksBuildPhase;
			buildActionMask = 2147483647;
			files = (
				4A3C8021232DFCF9C5E93307 /* Pods_BoostClusteringMaB_BoostClusteringMaBTests.framework in Frameworks */,
			);
			runOnlyForDeploymentPostprocessing = 0;
		};
		708C08B6256258320072B1E0 /* Frameworks */ = {
			isa = PBXFrameworksBuildPhase;
			buildActionMask = 2147483647;
			files = (
				F419BC99518E6B0E18A11C1D /* Pods_BoostClusteringMaB.framework in Frameworks */,
			);
			runOnlyForDeploymentPostprocessing = 0;
		};
/* End PBXFrameworksBuildPhase section */

/* Begin PBXGroup section */
		0D0172CD2570C15100A26886 /* Animations */ = {
			isa = PBXGroup;
			children = (
				F4E3511925887668004EBFCB /* MainAnimationController.swift */,
			);
			path = Animations;
			sourceTree = "<group>";
		};
		0DE171D22574BBC70031DA8E /* csv */ = {
			isa = PBXGroup;
			children = (
				70BFFD7E256CD6120048CEA6 /* poi.csv */,
			);
			path = csv;
			sourceTree = "<group>";
		};
		0DE171D32574BBD00031DA8E /* json */ = {
			isa = PBXGroup;
			children = (
				7017B9F9257E162E005D1512 /* gangnam_8000.json */,
				7017B9FA257E162E005D1512 /* restaurant.json */,
			);
			path = json;
			sourceTree = "<group>";
		};
		0DF97E34256B9F280007BCEE /* Views */ = {
			isa = PBXGroup;
			children = (
				0DF97E35256B9F330007BCEE /* MarkerLayerFactory.swift */,
				708C08C2256258320072B1E0 /* Main.storyboard */,
				708C08CA256258330072B1E0 /* LaunchScreen.storyboard */,
				F4A07BAD257118BF00B18415 /* Loading.storyboard */,
				F456CB5A257B7B990095139A /* Detail.storyboard */,
			);
			path = Views;
			sourceTree = "<group>";
		};
		1EB6294C0254973AEAFBA6F2 /* Pods */ = {
			isa = PBXGroup;
			children = (
				90CCC0D0D44B5BD82EC0AA53 /* Pods-BoostClusteringMaB.debug.xcconfig */,
				13716E7DADE89FF0703CEE3B /* Pods-BoostClusteringMaB.release.xcconfig */,
				FA651F4D9DA7AEB78F2F730D /* Pods-BoostClusteringMaB-BoostClusteringMaBTests.debug.xcconfig */,
				CAB19DF55A4260D7147166CE /* Pods-BoostClusteringMaB-BoostClusteringMaBTests.release.xcconfig */,
			);
			path = Pods;
			sourceTree = "<group>";
		};
		4209E5B8751C8F296BB99D8F /* Frameworks */ = {
			isa = PBXGroup;
			children = (
				4644EF4ECBA796AD632C4627 /* Pods_BoostClusteringMaB.framework */,
				3164D5B3096E97E6BBC50EF9 /* Pods_BoostClusteringMaBTests.framework */,
				9AB05C676CACCBD7FA9A4081 /* Pods_BoostClusteringMaB_BoostClusteringMaBTests.framework */,
			);
			name = Frameworks;
			sourceTree = "<group>";
		};
		701368F22585FC76002ABCF6 /* DrawerMenu */ = {
			isa = PBXGroup;
			children = (
				701368FB2585FD68002ABCF6 /* DrawerController.swift */,
			);
			path = DrawerMenu;
			sourceTree = "<group>";
		};
		706723172572058500CF68FD /* KMeans */ = {
			isa = PBXGroup;
			children = (
				C3496435256CEBAE001F40AA /* KMeansTest.swift */,
				70672318257205B000CF68FD /* ClusteringTests.swift */,
			);
			path = KMeans;
			sourceTree = "<group>";
		};
		7067231E2572087500CF68FD /* Mocks */ = {
			isa = PBXGroup;
			children = (
				7067231F2572088E00CF68FD /* CoreDataLayerMock.swift */,
			);
			path = Mocks;
			sourceTree = "<group>";
		};
		707942C8257027E0002AF718 /* Clustering */ = {
			isa = PBXGroup;
			children = (
				709708042577219700D3FC36 /* ClusteringProtocol.swift */,
				C3A28798256F986D00DF23B1 /* Clustering.swift */,
				C3A287A0256FA33A00DF23B1 /* ConvexHull.swift */,
				C3FB0861256B889600B93665 /* KMeans.swift */,
				C3FB085D256B887300B93665 /* Cluster.swift */,
			);
			path = Clustering;
			sourceTree = "<group>";
		};
		707E63DF25749074003F0E10 /* Scenes */ = {
			isa = PBXGroup;
			children = (
				701368F22585FC76002ABCF6 /* DrawerMenu */,
				C3A572E425787F9200C2B008 /* Detail */,
				0DF97E34256B9F280007BCEE /* Views */,
				F4A07BBB2571203700B18415 /* Loading */,
				709707F62577201600D3FC36 /* MainView */,
			);
			path = Scenes;
			sourceTree = "<group>";
		};
		708C08B0256258320072B1E0 = {
			isa = PBXGroup;
			children = (
				70BA50EF2562B0950076920D /* .swiftlint.yml */,
				708C08BB256258320072B1E0 /* BoostClusteringMaB */,
				708C08DA25625C830072B1E0 /* BoostClusteringMaBTests */,
				708C08BA256258320072B1E0 /* Products */,
				1EB6294C0254973AEAFBA6F2 /* Pods */,
				4209E5B8751C8F296BB99D8F /* Frameworks */,
			);
			sourceTree = "<group>";
		};
		708C08BA256258320072B1E0 /* Products */ = {
			isa = PBXGroup;
			children = (
				708C08B9256258320072B1E0 /* BoostClusteringMaB.app */,
				700A667025626CF800184916 /* BoostClusteringMaBTests.xctest */,
			);
			name = Products;
			sourceTree = "<group>";
		};
		708C08BB256258320072B1E0 /* BoostClusteringMaB */ = {
			isa = PBXGroup;
			children = (
				7097080F2577232500D3FC36 /* Util */,
				70970808257721E300D3FC36 /* Models */,
				F45E25DF256CCB9000054D55 /* CoreData */,
				C31435B7256BB8010066C423 /* Extension */,
				707942C8257027E0002AF718 /* Clustering */,
				707E63DF25749074003F0E10 /* Scenes */,
				F456CB49257B74CB0095139A /* Resources */,
				708C08BC256258320072B1E0 /* AppDelegate.swift */,
				708C08BE256258320072B1E0 /* SceneDelegate.swift */,
				708C08C8256258330072B1E0 /* Assets.xcassets */,
				708C08CD256258330072B1E0 /* Info.plist */,
				708C08C5256258320072B1E0 /* BoostClusteringMaB.xcdatamodeld */,
				F456CB57257B75F30095139A /* Localizable.strings */,
			);
			path = BoostClusteringMaB;
			sourceTree = "<group>";
		};
		708C08DA25625C830072B1E0 /* BoostClusteringMaBTests */ = {
			isa = PBXGroup;
			children = (
				7067231E2572087500CF68FD /* Mocks */,
				706723172572058500CF68FD /* KMeans */,
				70BFFD78256CD4BE0048CEA6 /* CSVParserTests.swift */,
				F49A2927256BEE2F0039998F /* XCTestCase+timeout.swift */,
				70BFFD84256CE5F40048CEA6 /* CoreData */,
				70BFFD85256CE6040048CEA6 /* Clustering */,
				708C08DD25625C830072B1E0 /* Info.plist */,
			);
			path = BoostClusteringMaBTests;
			sourceTree = "<group>";
		};
		709707CF2576047400D3FC36 /* Models */ = {
			isa = PBXGroup;
			children = (
				709707D625760BF900D3FC36 /* ManagedPOI+CoreDataClass.swift */,
				709707D725760BF900D3FC36 /* ManagedPOI+CoreDataProperties.swift */,
				709707D02576047F00D3FC36 /* POI.swift */,
			);
			path = Models;
			sourceTree = "<group>";
		};
		709707F62577201600D3FC36 /* MainView */ = {
			isa = PBXGroup;
			children = (
				0D0172CD2570C15100A26886 /* Animations */,
				708C08C0256258320072B1E0 /* MainViewController.swift */,
				707E63E6257490EC003F0E10 /* MainInteractor.swift */,
				707E63EA257490F5003F0E10 /* MainPresenter.swift */,
				F4C31B4F257779D100103E98 /* AlertType.swift */,
			);
			path = MainView;
			sourceTree = "<group>";
		};
		709707F72577202200D3FC36 /* View */ = {
			isa = PBXGroup;
			children = (
				DA805DB5257612890067325E /* DetailCollectionViewCell.swift */,
			);
			path = View;
			sourceTree = "<group>";
		};
		70970808257721E300D3FC36 /* Models */ = {
			isa = PBXGroup;
			children = (
				70AA4C672586662F00620D1F /* DrawerModels */,
				C3FB0859256B882200B93665 /* LatLng.swift */,
				C3FB086A256B8D8D00B93665 /* POIModel.swift */,
				C3FB0854256B87A200B93665 /* LinkedList.swift */,
				F4AE15622577CB6600A2F473 /* Geocoding.swift */,
			);
			path = Models;
			sourceTree = "<group>";
		};
		7097080F2577232500D3FC36 /* Util */ = {
			isa = PBXGroup;
			children = (
				70AA4C762586668D00620D1F /* PropertyWrapper */,
				70BFFD5B256CB9360048CEA6 /* CSVParser.swift */,
				0D0172BF2570BF2A00A26886 /* JsonParser.swift */,
				F4E23D2A25727A5F008A9B4C /* DataParser.swift */,
				0DE756522577800F00CAB059 /* AddressAPI.swift */,
				F4151F4C25789064007E356F /* ImageDownloader.swift */,
			);
			path = Util;
			sourceTree = "<group>";
		};
		70AA4C672586662F00620D1F /* DrawerModels */ = {
			isa = PBXGroup;
			children = (
				70AA4C682586663C00620D1F /* MapSettings.swift */,
				70AA4C6E2586665700620D1F /* LayerGroup.swift */,
				70AA4C722586666800620D1F /* MapTypes.swift */,
			);
			path = DrawerModels;
			sourceTree = "<group>";
		};
		70AA4C762586668D00620D1F /* PropertyWrapper */ = {
			isa = PBXGroup;
			children = (
				70AA4C772586669E00620D1F /* IsCheck.swift */,
				70AA4C7D258666A700620D1F /* Value.swift */,
			);
			path = PropertyWrapper;
			sourceTree = "<group>";
		};
		70BFFD84256CE5F40048CEA6 /* CoreData */ = {
			isa = PBXGroup;
			children = (
				F4FC20A1256B8AD200D97246 /* CoreDataTests.swift */,
			);
			path = CoreData;
			sourceTree = "<group>";
		};
		70BFFD85256CE6040048CEA6 /* Clustering */ = {
			isa = PBXGroup;
			children = (
				F4FD16ED256CA12900615FA0 /* LinkedListTests.swift */,
				707942C1256FD056002AF718 /* ConvexHullTests.swift */,
			);
			path = Clustering;
			sourceTree = "<group>";
		};
		C31435B7256BB8010066C423 /* Extension */ = {
			isa = PBXGroup;
			children = (
				C31435B3256BAA000066C423 /* CGPoint+Distance.swift */,
				0D781E7F25709E8D00D8A49E /* NMFMarker+.swift */,
				F496019025727ED500740523 /* String+Bundle.swift */,
				70E2A21025776ACB009A5ADC /* UIColor+.swift */,
				70E2A21625776BED009A5ADC /* CGPoint+isValid.swift */,
				70E2A21E25776C0D009A5ADC /* NMFPolygonOverlay+.swift */,
				F456CB4B257B75530095139A /* String+Localize.swift */,
				70989898258274AE0043BD56 /* NMFCameraUpdate+.swift */,
			);
			path = Extension;
			sourceTree = "<group>";
		};
		C3A572E425787F9200C2B008 /* Detail */ = {
			isa = PBXGroup;
			children = (
				709707F72577202200D3FC36 /* View */,
				C3A572E525787FA300C2B008 /* DetailViewController.swift */,
			);
			path = Detail;
			sourceTree = "<group>";
		};
		C3FB084F256B873F00B93665 /* POIRawData */ = {
			isa = PBXGroup;
			children = (
				0DE171D32574BBD00031DA8E /* json */,
				0DE171D22574BBC70031DA8E /* csv */,
			);
			path = POIRawData;
			sourceTree = "<group>";
		};
		F456CB49257B74CB0095139A /* Resources */ = {
			isa = PBXGroup;
			children = (
				F456CB4A257B74E40095139A /* Fonts */,
				C3FB084F256B873F00B93665 /* POIRawData */,
			);
			path = Resources;
			sourceTree = "<group>";
		};
		F456CB4A257B74E40095139A /* Fonts */ = {
			isa = PBXGroup;
			children = (
				70573ABD25795EEA00C8C5BE /* NanumSquareRoundOTFR.otf */,
				70573AC02579602800C8C5BE /* NanumSquareRoundOTFEB.otf */,
				DA805DD325767DFD0067325E /* BMEuljiro10yearslaterOTF.otf */,
			);
			path = Fonts;
			sourceTree = "<group>";
		};
		F45E25DF256CCB9000054D55 /* CoreData */ = {
			isa = PBXGroup;
			children = (
				709707CF2576047400D3FC36 /* Models */,
				70387DD0256DEB9900F138CB /* CoreDataContainer.swift */,
				70387DCF256DEB9900F138CB /* CoreDataLayer.swift */,
			);
			path = CoreData;
			sourceTree = "<group>";
		};
		F4A07BBB2571203700B18415 /* Loading */ = {
			isa = PBXGroup;
			children = (
				F4A07BB125711B1900B18415 /* LoadViewController.swift */,
			);
			path = Loading;
			sourceTree = "<group>";
		};
/* End PBXGroup section */

/* Begin PBXNativeTarget section */
		700A666F25626CF800184916 /* BoostClusteringMaBTests */ = {
			isa = PBXNativeTarget;
			buildConfigurationList = 700A667725626CF800184916 /* Build configuration list for PBXNativeTarget "BoostClusteringMaBTests" */;
			buildPhases = (
				AA54851F419F2D6043DD6B02 /* [CP] Check Pods Manifest.lock */,
				700A666C25626CF800184916 /* Sources */,
				700A666D25626CF800184916 /* Frameworks */,
				700A666E25626CF800184916 /* Resources */,
				F0D7ABC8987FB2975047BE56 /* [CP] Embed Pods Frameworks */,
			);
			buildRules = (
			);
			dependencies = (
				703874EE2574C24200F2C1DC /* PBXTargetDependency */,
			);
			name = BoostClusteringMaBTests;
			productName = BoostClusteringMaBTests;
			productReference = 700A667025626CF800184916 /* BoostClusteringMaBTests.xctest */;
			productType = "com.apple.product-type.bundle.unit-test";
		};
		708C08B8256258320072B1E0 /* BoostClusteringMaB */ = {
			isa = PBXNativeTarget;
			buildConfigurationList = 708C08D0256258330072B1E0 /* Build configuration list for PBXNativeTarget "BoostClusteringMaB" */;
			buildPhases = (
				E3F2041224107C69D7859781 /* [CP] Check Pods Manifest.lock */,
				708C08B5256258320072B1E0 /* Sources */,
				708C08B6256258320072B1E0 /* Frameworks */,
				708C08B7256258320072B1E0 /* Resources */,
				252620F9E297751AEB8D9B10 /* [CP] Embed Pods Frameworks */,
				70BA50EE2562B0740076920D /* ShellScript */,
			);
			buildRules = (
			);
			dependencies = (
			);
			name = BoostClusteringMaB;
			productName = BoostClusteringMaB;
			productReference = 708C08B9256258320072B1E0 /* BoostClusteringMaB.app */;
			productType = "com.apple.product-type.application";
		};
/* End PBXNativeTarget section */

/* Begin PBXProject section */
		708C08B1256258320072B1E0 /* Project object */ = {
			isa = PBXProject;
			attributes = {
				LastSwiftUpdateCheck = 1220;
				LastUpgradeCheck = 1220;
				TargetAttributes = {
					700A666F25626CF800184916 = {
						CreatedOnToolsVersion = 12.2;
						LastSwiftMigration = 1220;
						TestTargetID = 708C08B8256258320072B1E0;
					};
					708C08B8256258320072B1E0 = {
						CreatedOnToolsVersion = 12.2;
					};
				};
			};
			buildConfigurationList = 708C08B4256258320072B1E0 /* Build configuration list for PBXProject "BoostClusteringMaB" */;
			compatibilityVersion = "Xcode 9.3";
			developmentRegion = en;
			hasScannedForEncodings = 0;
			knownRegions = (
				en,
				Base,
			);
			mainGroup = 708C08B0256258320072B1E0;
			productRefGroup = 708C08BA256258320072B1E0 /* Products */;
			projectDirPath = "";
			projectRoot = "";
			targets = (
				708C08B8256258320072B1E0 /* BoostClusteringMaB */,
				700A666F25626CF800184916 /* BoostClusteringMaBTests */,
			);
		};
/* End PBXProject section */

/* Begin PBXResourcesBuildPhase section */
		700A666E25626CF800184916 /* Resources */ = {
			isa = PBXResourcesBuildPhase;
			buildActionMask = 2147483647;
			files = (
			);
			runOnlyForDeploymentPostprocessing = 0;
		};
		708C08B7256258320072B1E0 /* Resources */ = {
			isa = PBXResourcesBuildPhase;
			buildActionMask = 2147483647;
			files = (
				70BA50F02562B0950076920D /* .swiftlint.yml in Resources */,
				708C08CC256258330072B1E0 /* LaunchScreen.storyboard in Resources */,
				7017B9FC257E162E005D1512 /* restaurant.json in Resources */,
				F456CB5B257B7B990095139A /* Detail.storyboard in Resources */,
				708C08C9256258330072B1E0 /* Assets.xcassets in Resources */,
				F456CB55257B75F30095139A /* Localizable.strings in Resources */,
				DA805DD425767DFD0067325E /* BMEuljiro10yearslaterOTF.otf in Resources */,
				70BFFD7F256CD6120048CEA6 /* poi.csv in Resources */,
				7017B9FB257E162E005D1512 /* gangnam_8000.json in Resources */,
				708C08C4256258320072B1E0 /* Main.storyboard in Resources */,
				F4A07BAE257118BF00B18415 /* Loading.storyboard in Resources */,
			);
			runOnlyForDeploymentPostprocessing = 0;
		};
/* End PBXResourcesBuildPhase section */

/* Begin PBXShellScriptBuildPhase section */
		252620F9E297751AEB8D9B10 /* [CP] Embed Pods Frameworks */ = {
			isa = PBXShellScriptBuildPhase;
			buildActionMask = 2147483647;
			files = (
			);
			inputFileListPaths = (
				"${PODS_ROOT}/Target Support Files/Pods-BoostClusteringMaB/Pods-BoostClusteringMaB-frameworks-${CONFIGURATION}-input-files.xcfilelist",
			);
			name = "[CP] Embed Pods Frameworks";
			outputFileListPaths = (
				"${PODS_ROOT}/Target Support Files/Pods-BoostClusteringMaB/Pods-BoostClusteringMaB-frameworks-${CONFIGURATION}-output-files.xcfilelist",
			);
			runOnlyForDeploymentPostprocessing = 0;
			shellPath = /bin/sh;
			shellScript = "\"${PODS_ROOT}/Target Support Files/Pods-BoostClusteringMaB/Pods-BoostClusteringMaB-frameworks.sh\"\n";
			showEnvVarsInLog = 0;
		};
		70BA50EE2562B0740076920D /* ShellScript */ = {
			isa = PBXShellScriptBuildPhase;
			buildActionMask = 2147483647;
			files = (
			);
			inputFileListPaths = (
			);
			inputPaths = (
			);
			outputFileListPaths = (
			);
			outputPaths = (
			);
			runOnlyForDeploymentPostprocessing = 0;
			shellPath = /bin/sh;
			shellScript = "${PODS_ROOT}/SwiftLint/swiftlint\n";
		};
		AA54851F419F2D6043DD6B02 /* [CP] Check Pods Manifest.lock */ = {
			isa = PBXShellScriptBuildPhase;
			buildActionMask = 2147483647;
			files = (
			);
			inputFileListPaths = (
			);
			inputPaths = (
				"${PODS_PODFILE_DIR_PATH}/Podfile.lock",
				"${PODS_ROOT}/Manifest.lock",
			);
			name = "[CP] Check Pods Manifest.lock";
			outputFileListPaths = (
			);
			outputPaths = (
				"$(DERIVED_FILE_DIR)/Pods-BoostClusteringMaB-BoostClusteringMaBTests-checkManifestLockResult.txt",
			);
			runOnlyForDeploymentPostprocessing = 0;
			shellPath = /bin/sh;
			shellScript = "diff \"${PODS_PODFILE_DIR_PATH}/Podfile.lock\" \"${PODS_ROOT}/Manifest.lock\" > /dev/null\nif [ $? != 0 ] ; then\n    # print error to STDERR\n    echo \"error: The sandbox is not in sync with the Podfile.lock. Run 'pod install' or update your CocoaPods installation.\" >&2\n    exit 1\nfi\n# This output is used by Xcode 'outputs' to avoid re-running this script phase.\necho \"SUCCESS\" > \"${SCRIPT_OUTPUT_FILE_0}\"\n";
			showEnvVarsInLog = 0;
		};
		E3F2041224107C69D7859781 /* [CP] Check Pods Manifest.lock */ = {
			isa = PBXShellScriptBuildPhase;
			buildActionMask = 2147483647;
			files = (
			);
			inputFileListPaths = (
			);
			inputPaths = (
				"${PODS_PODFILE_DIR_PATH}/Podfile.lock",
				"${PODS_ROOT}/Manifest.lock",
			);
			name = "[CP] Check Pods Manifest.lock";
			outputFileListPaths = (
			);
			outputPaths = (
				"$(DERIVED_FILE_DIR)/Pods-BoostClusteringMaB-checkManifestLockResult.txt",
			);
			runOnlyForDeploymentPostprocessing = 0;
			shellPath = /bin/sh;
			shellScript = "diff \"${PODS_PODFILE_DIR_PATH}/Podfile.lock\" \"${PODS_ROOT}/Manifest.lock\" > /dev/null\nif [ $? != 0 ] ; then\n    # print error to STDERR\n    echo \"error: The sandbox is not in sync with the Podfile.lock. Run 'pod install' or update your CocoaPods installation.\" >&2\n    exit 1\nfi\n# This output is used by Xcode 'outputs' to avoid re-running this script phase.\necho \"SUCCESS\" > \"${SCRIPT_OUTPUT_FILE_0}\"\n";
			showEnvVarsInLog = 0;
		};
		F0D7ABC8987FB2975047BE56 /* [CP] Embed Pods Frameworks */ = {
			isa = PBXShellScriptBuildPhase;
			buildActionMask = 2147483647;
			files = (
			);
			inputFileListPaths = (
				"${PODS_ROOT}/Target Support Files/Pods-BoostClusteringMaB-BoostClusteringMaBTests/Pods-BoostClusteringMaB-BoostClusteringMaBTests-frameworks-${CONFIGURATION}-input-files.xcfilelist",
			);
			name = "[CP] Embed Pods Frameworks";
			outputFileListPaths = (
				"${PODS_ROOT}/Target Support Files/Pods-BoostClusteringMaB-BoostClusteringMaBTests/Pods-BoostClusteringMaB-BoostClusteringMaBTests-frameworks-${CONFIGURATION}-output-files.xcfilelist",
			);
			runOnlyForDeploymentPostprocessing = 0;
			shellPath = /bin/sh;
			shellScript = "\"${PODS_ROOT}/Target Support Files/Pods-BoostClusteringMaB-BoostClusteringMaBTests/Pods-BoostClusteringMaB-BoostClusteringMaBTests-frameworks.sh\"\n";
			showEnvVarsInLog = 0;
		};
/* End PBXShellScriptBuildPhase section */

/* Begin PBXSourcesBuildPhase section */
		700A666C25626CF800184916 /* Sources */ = {
			isa = PBXSourcesBuildPhase;
			buildActionMask = 2147483647;
			files = (
				707942C2256FD056002AF718 /* ConvexHullTests.swift in Sources */,
				70BFFD79256CD4BE0048CEA6 /* CSVParserTests.swift in Sources */,
				F49A2928256BEE2F0039998F /* XCTestCase+timeout.swift in Sources */,
				70672319257205B000CF68FD /* ClusteringTests.swift in Sources */,
				F4FC20A2256B8AD200D97246 /* CoreDataTests.swift in Sources */,
				F4FD16EE256CA12900615FA0 /* LinkedListTests.swift in Sources */,
				706723202572088E00CF68FD /* CoreDataLayerMock.swift in Sources */,
				C3496436256CEBAE001F40AA /* KMeansTest.swift in Sources */,
				700A667325626CF800184916 /* (null) in Sources */,
			);
			runOnlyForDeploymentPostprocessing = 0;
		};
		708C08B5256258320072B1E0 /* Sources */ = {
			isa = PBXSourcesBuildPhase;
			buildActionMask = 2147483647;
			files = (
				709707D12576047F00D3FC36 /* POI.swift in Sources */,
				F4AE15632577CB6600A2F473 /* Geocoding.swift in Sources */,
				70387DD1256DEB9900F138CB /* CoreDataLayer.swift in Sources */,
				DA805DB6257612890067325E /* DetailCollectionViewCell.swift in Sources */,
				70E2A21F25776C0D009A5ADC /* NMFPolygonOverlay+.swift in Sources */,
				C3A287A1256FA33A00DF23B1 /* ConvexHull.swift in Sources */,
				701368FC2585FD68002ABCF6 /* DrawerController.swift in Sources */,
				F4C31B50257779D100103E98 /* AlertType.swift in Sources */,
				F4151F4D25789064007E356F /* ImageDownloader.swift in Sources */,
				F4E23D2B25727A5F008A9B4C /* DataParser.swift in Sources */,
				708C08C1256258320072B1E0 /* MainViewController.swift in Sources */,
				708C08BD256258320072B1E0 /* AppDelegate.swift in Sources */,
				0DF97E36256B9F330007BCEE /* MarkerLayerFactory.swift in Sources */,
				70BFFD5C256CB9360048CEA6 /* CSVParser.swift in Sources */,
				F4A07BB225711B1900B18415 /* LoadViewController.swift in Sources */,
				70AA4C692586663C00620D1F /* MapSettings.swift in Sources */,
				C3A28799256F986D00DF23B1 /* Clustering.swift in Sources */,
				C3FB086B256B8D8D00B93665 /* POIModel.swift in Sources */,
				70387DD2256DEB9900F138CB /* CoreDataContainer.swift in Sources */,
				C31435B4256BAA000066C423 /* CGPoint+Distance.swift in Sources */,
				0D0172C02570BF2A00A26886 /* JsonParser.swift in Sources */,
				709707D925760BF900D3FC36 /* ManagedPOI+CoreDataProperties.swift in Sources */,
				C3FB0855256B87A200B93665 /* LinkedList.swift in Sources */,
				708C08C7256258320072B1E0 /* BoostClusteringMaB.xcdatamodeld in Sources */,
				709708052577219700D3FC36 /* ClusteringProtocol.swift in Sources */,
				70E2A21125776ACB009A5ADC /* UIColor+.swift in Sources */,
				70989899258274AE0043BD56 /* NMFCameraUpdate+.swift in Sources */,
				F456CB4C257B75530095139A /* String+Localize.swift in Sources */,
				70AA4C6F2586665700620D1F /* LayerGroup.swift in Sources */,
				707E63EB257490F5003F0E10 /* MainPresenter.swift in Sources */,
				708C08BF256258320072B1E0 /* SceneDelegate.swift in Sources */,
				F4E3511A25887668004EBFCB /* MainAnimationController.swift in Sources */,
				70AA4C7E258666A700620D1F /* Value.swift in Sources */,
				F496019125727ED500740523 /* String+Bundle.swift in Sources */,
				C3A572E625787FA300C2B008 /* DetailViewController.swift in Sources */,
				C3FB085A256B882200B93665 /* LatLng.swift in Sources */,
				0DE756532577800F00CAB059 /* AddressAPI.swift in Sources */,
				0D781E8025709E8D00D8A49E /* NMFMarker+.swift in Sources */,
				C3FB0862256B889600B93665 /* KMeans.swift in Sources */,
				70E2A21725776BED009A5ADC /* CGPoint+isValid.swift in Sources */,
				C3FB085E256B887300B93665 /* Cluster.swift in Sources */,
				709707D825760BF900D3FC36 /* ManagedPOI+CoreDataClass.swift in Sources */,
				70AA4C732586666800620D1F /* MapTypes.swift in Sources */,
				70AA4C782586669E00620D1F /* IsCheck.swift in Sources */,
				707E63E7257490EC003F0E10 /* MainInteractor.swift in Sources */,
			);
			runOnlyForDeploymentPostprocessing = 0;
		};
/* End PBXSourcesBuildPhase section */

/* Begin PBXTargetDependency section */
		703874EE2574C24200F2C1DC /* PBXTargetDependency */ = {
			isa = PBXTargetDependency;
			target = 708C08B8256258320072B1E0 /* BoostClusteringMaB */;
			targetProxy = 703874ED2574C24200F2C1DC /* PBXContainerItemProxy */;
		};
/* End PBXTargetDependency section */

/* Begin PBXVariantGroup section */
		708C08C2256258320072B1E0 /* Main.storyboard */ = {
			isa = PBXVariantGroup;
			children = (
				708C08C3256258320072B1E0 /* Base */,
			);
			name = Main.storyboard;
			sourceTree = "<group>";
		};
		708C08CA256258330072B1E0 /* LaunchScreen.storyboard */ = {
			isa = PBXVariantGroup;
			children = (
				708C08CB256258330072B1E0 /* Base */,
			);
			name = LaunchScreen.storyboard;
			sourceTree = "<group>";
		};
		F456CB57257B75F30095139A /* Localizable.strings */ = {
			isa = PBXVariantGroup;
			children = (
				F456CB56257B75F30095139A /* en */,
			);
			name = Localizable.strings;
			sourceTree = "<group>";
		};
/* End PBXVariantGroup section */

/* Begin XCBuildConfiguration section */
		700A667825626CF800184916 /* Debug */ = {
			isa = XCBuildConfiguration;
			baseConfigurationReference = FA651F4D9DA7AEB78F2F730D /* Pods-BoostClusteringMaB-BoostClusteringMaBTests.debug.xcconfig */;
			buildSettings = {
				BUNDLE_LOADER = "$(BUILT_PRODUCTS_DIR)/BoostClusteringMaB.app/BoostClusteringMaB";
				CLANG_ENABLE_MODULES = YES;
				"CODE_SIGN_IDENTITY[sdk=macosx*]" = "-";
				CODE_SIGN_STYLE = Automatic;
				DEVELOPMENT_TEAM = B3PWYBKFUK;
				INFOPLIST_FILE = BoostClusteringMaBTests/Info.plist;
				LD_RUNPATH_SEARCH_PATHS = (
					"$(inherited)",
					"@executable_path/Frameworks",
					"@loader_path/Frameworks",
				);
				PRODUCT_BUNDLE_IDENTIFIER = com.boostcamp.b.map.BoostClusteringMaBTests;
				PRODUCT_NAME = "$(TARGET_NAME)";
				SWIFT_OPTIMIZATION_LEVEL = "-Onone";
				SWIFT_VERSION = 5.0;
				TARGETED_DEVICE_FAMILY = 1;
				TEST_HOST = "$(BUNDLE_LOADER)";
			};
			name = Debug;
		};
		700A667925626CF800184916 /* Release */ = {
			isa = XCBuildConfiguration;
			baseConfigurationReference = CAB19DF55A4260D7147166CE /* Pods-BoostClusteringMaB-BoostClusteringMaBTests.release.xcconfig */;
			buildSettings = {
				BUNDLE_LOADER = "$(BUILT_PRODUCTS_DIR)/BoostClusteringMaB.app/BoostClusteringMaB";
				CLANG_ENABLE_MODULES = YES;
				"CODE_SIGN_IDENTITY[sdk=macosx*]" = "-";
				CODE_SIGN_STYLE = Automatic;
				DEVELOPMENT_TEAM = B3PWYBKFUK;
				INFOPLIST_FILE = BoostClusteringMaBTests/Info.plist;
				LD_RUNPATH_SEARCH_PATHS = (
					"$(inherited)",
					"@executable_path/Frameworks",
					"@loader_path/Frameworks",
				);
				PRODUCT_BUNDLE_IDENTIFIER = com.boostcamp.b.map.BoostClusteringMaBTests;
				PRODUCT_NAME = "$(TARGET_NAME)";
				SWIFT_VERSION = 5.0;
				TARGETED_DEVICE_FAMILY = 1;
				TEST_HOST = "$(BUNDLE_LOADER)";
			};
			name = Release;
		};
		708C08CE256258330072B1E0 /* Debug */ = {
			isa = XCBuildConfiguration;
			buildSettings = {
				ALWAYS_SEARCH_USER_PATHS = NO;
				CLANG_ANALYZER_NONNULL = YES;
				CLANG_ANALYZER_NUMBER_OBJECT_CONVERSION = YES_AGGRESSIVE;
				CLANG_CXX_LANGUAGE_STANDARD = "gnu++14";
				CLANG_CXX_LIBRARY = "libc++";
				CLANG_ENABLE_MODULES = YES;
				CLANG_ENABLE_OBJC_ARC = YES;
				CLANG_ENABLE_OBJC_WEAK = YES;
				CLANG_WARN_BLOCK_CAPTURE_AUTORELEASING = YES;
				CLANG_WARN_BOOL_CONVERSION = YES;
				CLANG_WARN_COMMA = YES;
				CLANG_WARN_CONSTANT_CONVERSION = YES;
				CLANG_WARN_DEPRECATED_OBJC_IMPLEMENTATIONS = YES;
				CLANG_WARN_DIRECT_OBJC_ISA_USAGE = YES_ERROR;
				CLANG_WARN_DOCUMENTATION_COMMENTS = YES;
				CLANG_WARN_EMPTY_BODY = YES;
				CLANG_WARN_ENUM_CONVERSION = YES;
				CLANG_WARN_INFINITE_RECURSION = YES;
				CLANG_WARN_INT_CONVERSION = YES;
				CLANG_WARN_NON_LITERAL_NULL_CONVERSION = YES;
				CLANG_WARN_OBJC_IMPLICIT_RETAIN_SELF = YES;
				CLANG_WARN_OBJC_LITERAL_CONVERSION = YES;
				CLANG_WARN_OBJC_ROOT_CLASS = YES_ERROR;
				CLANG_WARN_QUOTED_INCLUDE_IN_FRAMEWORK_HEADER = YES;
				CLANG_WARN_RANGE_LOOP_ANALYSIS = YES;
				CLANG_WARN_STRICT_PROTOTYPES = YES;
				CLANG_WARN_SUSPICIOUS_MOVE = YES;
				CLANG_WARN_UNGUARDED_AVAILABILITY = YES_AGGRESSIVE;
				CLANG_WARN_UNREACHABLE_CODE = YES;
				CLANG_WARN__DUPLICATE_METHOD_MATCH = YES;
				COPY_PHASE_STRIP = NO;
				DEBUG_INFORMATION_FORMAT = dwarf;
				ENABLE_STRICT_OBJC_MSGSEND = YES;
				ENABLE_TESTABILITY = YES;
				GCC_C_LANGUAGE_STANDARD = gnu11;
				GCC_DYNAMIC_NO_PIC = NO;
				GCC_NO_COMMON_BLOCKS = YES;
				GCC_OPTIMIZATION_LEVEL = 0;
				GCC_PREPROCESSOR_DEFINITIONS = (
					"DEBUG=1",
					"$(inherited)",
				);
				GCC_WARN_64_TO_32_BIT_CONVERSION = YES;
				GCC_WARN_ABOUT_RETURN_TYPE = YES_ERROR;
				GCC_WARN_UNDECLARED_SELECTOR = YES;
				GCC_WARN_UNINITIALIZED_AUTOS = YES_AGGRESSIVE;
				GCC_WARN_UNUSED_FUNCTION = YES;
				GCC_WARN_UNUSED_VARIABLE = YES;
				IPHONEOS_DEPLOYMENT_TARGET = 13.0;
				MTL_ENABLE_DEBUG_INFO = INCLUDE_SOURCE;
				MTL_FAST_MATH = YES;
				ONLY_ACTIVE_ARCH = YES;
				SDKROOT = iphoneos;
				SWIFT_ACTIVE_COMPILATION_CONDITIONS = DEBUG;
				SWIFT_OPTIMIZATION_LEVEL = "-Onone";
			};
			name = Debug;
		};
		708C08CF256258330072B1E0 /* Release */ = {
			isa = XCBuildConfiguration;
			buildSettings = {
				ALWAYS_SEARCH_USER_PATHS = NO;
				CLANG_ANALYZER_NONNULL = YES;
				CLANG_ANALYZER_NUMBER_OBJECT_CONVERSION = YES_AGGRESSIVE;
				CLANG_CXX_LANGUAGE_STANDARD = "gnu++14";
				CLANG_CXX_LIBRARY = "libc++";
				CLANG_ENABLE_MODULES = YES;
				CLANG_ENABLE_OBJC_ARC = YES;
				CLANG_ENABLE_OBJC_WEAK = YES;
				CLANG_WARN_BLOCK_CAPTURE_AUTORELEASING = YES;
				CLANG_WARN_BOOL_CONVERSION = YES;
				CLANG_WARN_COMMA = YES;
				CLANG_WARN_CONSTANT_CONVERSION = YES;
				CLANG_WARN_DEPRECATED_OBJC_IMPLEMENTATIONS = YES;
				CLANG_WARN_DIRECT_OBJC_ISA_USAGE = YES_ERROR;
				CLANG_WARN_DOCUMENTATION_COMMENTS = YES;
				CLANG_WARN_EMPTY_BODY = YES;
				CLANG_WARN_ENUM_CONVERSION = YES;
				CLANG_WARN_INFINITE_RECURSION = YES;
				CLANG_WARN_INT_CONVERSION = YES;
				CLANG_WARN_NON_LITERAL_NULL_CONVERSION = YES;
				CLANG_WARN_OBJC_IMPLICIT_RETAIN_SELF = YES;
				CLANG_WARN_OBJC_LITERAL_CONVERSION = YES;
				CLANG_WARN_OBJC_ROOT_CLASS = YES_ERROR;
				CLANG_WARN_QUOTED_INCLUDE_IN_FRAMEWORK_HEADER = YES;
				CLANG_WARN_RANGE_LOOP_ANALYSIS = YES;
				CLANG_WARN_STRICT_PROTOTYPES = YES;
				CLANG_WARN_SUSPICIOUS_MOVE = YES;
				CLANG_WARN_UNGUARDED_AVAILABILITY = YES_AGGRESSIVE;
				CLANG_WARN_UNREACHABLE_CODE = YES;
				CLANG_WARN__DUPLICATE_METHOD_MATCH = YES;
				COPY_PHASE_STRIP = NO;
				DEBUG_INFORMATION_FORMAT = "dwarf-with-dsym";
				ENABLE_NS_ASSERTIONS = NO;
				ENABLE_STRICT_OBJC_MSGSEND = YES;
				GCC_C_LANGUAGE_STANDARD = gnu11;
				GCC_NO_COMMON_BLOCKS = YES;
				GCC_WARN_64_TO_32_BIT_CONVERSION = YES;
				GCC_WARN_ABOUT_RETURN_TYPE = YES_ERROR;
				GCC_WARN_UNDECLARED_SELECTOR = YES;
				GCC_WARN_UNINITIALIZED_AUTOS = YES_AGGRESSIVE;
				GCC_WARN_UNUSED_FUNCTION = YES;
				GCC_WARN_UNUSED_VARIABLE = YES;
				IPHONEOS_DEPLOYMENT_TARGET = 13.0;
				MTL_ENABLE_DEBUG_INFO = NO;
				MTL_FAST_MATH = YES;
				SDKROOT = iphoneos;
				SWIFT_COMPILATION_MODE = wholemodule;
				SWIFT_OPTIMIZATION_LEVEL = "-O";
				VALIDATE_PRODUCT = YES;
			};
			name = Release;
		};
		708C08D1256258330072B1E0 /* Debug */ = {
			isa = XCBuildConfiguration;
			baseConfigurationReference = 90CCC0D0D44B5BD82EC0AA53 /* Pods-BoostClusteringMaB.debug.xcconfig */;
			buildSettings = {
				ASSETCATALOG_COMPILER_APPICON_NAME = AppIcon;
				ASSETCATALOG_COMPILER_GLOBAL_ACCENT_COLOR_NAME = AccentColor;
				CODE_SIGN_STYLE = Automatic;
				DEVELOPMENT_TEAM = B3PWYBKFUK;
				GCC_SYMBOLS_PRIVATE_EXTERN = YES;
				INFOPLIST_FILE = BoostClusteringMaB/Info.plist;
				LD_RUNPATH_SEARCH_PATHS = (
					"$(inherited)",
					"@executable_path/Frameworks",
				);
				PRODUCT_BUNDLE_IDENTIFIER = com.boostcamp.b.map.BoostClusteringMaB;
				PRODUCT_NAME = "$(TARGET_NAME)";
				SWIFT_VERSION = 5.0;
				TARGETED_DEVICE_FAMILY = "1,2";
			};
			name = Debug;
		};
		708C08D2256258330072B1E0 /* Release */ = {
			isa = XCBuildConfiguration;
			baseConfigurationReference = 13716E7DADE89FF0703CEE3B /* Pods-BoostClusteringMaB.release.xcconfig */;
			buildSettings = {
				ASSETCATALOG_COMPILER_APPICON_NAME = AppIcon;
				ASSETCATALOG_COMPILER_GLOBAL_ACCENT_COLOR_NAME = AccentColor;
				CODE_SIGN_STYLE = Automatic;
				DEVELOPMENT_TEAM = B3PWYBKFUK;
				GCC_SYMBOLS_PRIVATE_EXTERN = YES;
				INFOPLIST_FILE = BoostClusteringMaB/Info.plist;
				LD_RUNPATH_SEARCH_PATHS = (
					"$(inherited)",
					"@executable_path/Frameworks",
				);
				PRODUCT_BUNDLE_IDENTIFIER = com.boostcamp.b.map.BoostClusteringMaB;
				PRODUCT_NAME = "$(TARGET_NAME)";
				SWIFT_VERSION = 5.0;
				TARGETED_DEVICE_FAMILY = "1,2";
			};
			name = Release;
		};
/* End XCBuildConfiguration section */

/* Begin XCConfigurationList section */
		700A667725626CF800184916 /* Build configuration list for PBXNativeTarget "BoostClusteringMaBTests" */ = {
			isa = XCConfigurationList;
			buildConfigurations = (
				700A667825626CF800184916 /* Debug */,
				700A667925626CF800184916 /* Release */,
			);
			defaultConfigurationIsVisible = 0;
			defaultConfigurationName = Debug;
		};
		708C08B4256258320072B1E0 /* Build configuration list for PBXProject "BoostClusteringMaB" */ = {
			isa = XCConfigurationList;
			buildConfigurations = (
				708C08CE256258330072B1E0 /* Debug */,
				708C08CF256258330072B1E0 /* Release */,
			);
			defaultConfigurationIsVisible = 0;
			defaultConfigurationName = Debug;
		};
		708C08D0256258330072B1E0 /* Build configuration list for PBXNativeTarget "BoostClusteringMaB" */ = {
			isa = XCConfigurationList;
			buildConfigurations = (
				708C08D1256258330072B1E0 /* Debug */,
				708C08D2256258330072B1E0 /* Release */,
			);
			defaultConfigurationIsVisible = 0;
			defaultConfigurationName = Debug;
		};
/* End XCConfigurationList section */

/* Begin XCVersionGroup section */
		708C08C5256258320072B1E0 /* BoostClusteringMaB.xcdatamodeld */ = {
			isa = XCVersionGroup;
			children = (
				708C08C6256258320072B1E0 /* BoostClusteringMaB.xcdatamodel */,
			);
			currentVersion = 708C08C6256258320072B1E0 /* BoostClusteringMaB.xcdatamodel */;
			path = BoostClusteringMaB.xcdatamodeld;
			sourceTree = "<group>";
			versionGroupType = wrapper.xcdatamodel;
		};
/* End XCVersionGroup section */
	};
	rootObject = 708C08B1256258320072B1E0 /* Project object */;
}
